// !$*UTF8*$!
{
	archiveVersion = 1;
	classes = {
	};
	objectVersion = 56;
	objects = {

/* Begin PBXBuildFile section */
		3B01B3B92CE2E37C00BB95B9 /* NullObject.swift in Sources */ = {isa = PBXBuildFile; fileRef = 3B01B3B82CE2E37A00BB95B9 /* NullObject.swift */; };
		3B01B3BC2CE2EC6200BB95B9 /* Events.swift in Sources */ = {isa = PBXBuildFile; fileRef = 3B01B3BB2CE2EC5700BB95B9 /* Events.swift */; };
		3B01B3BE2CE2FF3F00BB95B9 /* Property.swift in Resources */ = {isa = PBXBuildFile; fileRef = 3B01B3BD2CE2FF3F00BB95B9 /* Property.swift */; };
		3B0429482C651E9C004CF65B /* AsyncAwaitView.swift in Sources */ = {isa = PBXBuildFile; fileRef = 3B0429472C651E9C004CF65B /* AsyncAwaitView.swift */; };
		3B04294A2C651EB7004CF65B /* AsyncAwaitViewModel.swift in Sources */ = {isa = PBXBuildFile; fileRef = 3B0429492C651EB7004CF65B /* AsyncAwaitViewModel.swift */; };
		3B06626C2CDAFB4A00293A5C /* MethodChain.swift in Sources */ = {isa = PBXBuildFile; fileRef = 3B06626B2CDAFB4300293A5C /* MethodChain.swift */; };
		3B06626E2CDAFDC200293A5C /* BrockerChain.swift in Sources */ = {isa = PBXBuildFile; fileRef = 3B06626D2CDAFDBE00293A5C /* BrockerChain.swift */; };
		3B12D9892CCA1078009BB8DE /* Façade.swift in Sources */ = {isa = PBXBuildFile; fileRef = 3B12D9882CCA1074009BB8DE /* Façade.swift */; };
		3B1B332E2CAFD6FB00D35FD5 /* PhotosPickerView.swift in Sources */ = {isa = PBXBuildFile; fileRef = 3B1B332D2CAFD6FB00D35FD5 /* PhotosPickerView.swift */; };
		3B1B33302CAFD70600D35FD5 /* PhotosPickerViewModel.swift in Sources */ = {isa = PBXBuildFile; fileRef = 3B1B332F2CAFD70600D35FD5 /* PhotosPickerViewModel.swift */; };
		3B1C39662CDC2C1A004F7D1F /* Command.swift in Sources */ = {isa = PBXBuildFile; fileRef = 3B1C39652CDC2C14004F7D1F /* Command.swift */; };
		3B1C39692CDC3484004F7D1F /* Interpreter.swift in Sources */ = {isa = PBXBuildFile; fileRef = 3B1C39682CDC3481004F7D1F /* Interpreter.swift */; };
		3B210C552CCC23F700C621C2 /* Flyweight.swift in Sources */ = {isa = PBXBuildFile; fileRef = 3B210C542CCC23F200C621C2 /* Flyweight.swift */; };
		3B210C572CCC29E000C621C2 /* TextFormatting.swift in Sources */ = {isa = PBXBuildFile; fileRef = 3B210C562CCC29D800C621C2 /* TextFormatting.swift */; };
		3B3314F32C539DBE00986EAA /* OBViewObserver.swift in Sources */ = {isa = PBXBuildFile; fileRef = 3B3314F22C539DBE00986EAA /* OBViewObserver.swift */; };
		3B3314F52C53CC0800986EAA /* OBViewController.swift in Sources */ = {isa = PBXBuildFile; fileRef = 3B3314F42C53CC0800986EAA /* OBViewController.swift */; };
		3B44B5FB2CBC55B60067A2C2 /* InnerFactory.swift in Sources */ = {isa = PBXBuildFile; fileRef = 3B44B5FA2CBC55B30067A2C2 /* InnerFactory.swift */; };
		3B44B5FF2CBC5B810067A2C2 /* AbstractFactory.swift in Sources */ = {isa = PBXBuildFile; fileRef = 3B44B5FE2CBC5B760067A2C2 /* AbstractFactory.swift */; };
		3B5EBEC72CD58B0300064C1F /* Proxy.swift in Sources */ = {isa = PBXBuildFile; fileRef = 3B5EBEC62CD58B0100064C1F /* Proxy.swift */; };
		3B5EBEC92CD58E2D00064C1F /* PropertyProxy.swift in Sources */ = {isa = PBXBuildFile; fileRef = 3B5EBEC82CD58E2700064C1F /* PropertyProxy.swift */; };
		3B64DDE42CB2511400E8D2D7 /* AsyncStreamView.swift in Sources */ = {isa = PBXBuildFile; fileRef = 3B64DDE32CB2511400E8D2D7 /* AsyncStreamView.swift */; };
		3B64DDE62CB2512000E8D2D7 /* AsyncStreamViewModel.swift in Sources */ = {isa = PBXBuildFile; fileRef = 3B64DDE52CB2512000E8D2D7 /* AsyncStreamViewModel.swift */; };
		3B64DDE82CB2625A00E8D2D7 /* AsyncStreamDataManager.swift in Sources */ = {isa = PBXBuildFile; fileRef = 3B64DDE72CB2625A00E8D2D7 /* AsyncStreamDataManager.swift */; };
		3B64DDEB2CB2753600E8D2D7 /* ObservableMacroView.swift in Sources */ = {isa = PBXBuildFile; fileRef = 3B64DDEA2CB2753600E8D2D7 /* ObservableMacroView.swift */; };
		3B64DDED2CB2754300E8D2D7 /* ObservableMacroViewModel.swift in Sources */ = {isa = PBXBuildFile; fileRef = 3B64DDEC2CB2754300E8D2D7 /* ObservableMacroViewModel.swift */; };
		3B64DDEF2CB27A2E00E8D2D7 /* TitleDatabase.swift in Sources */ = {isa = PBXBuildFile; fileRef = 3B64DDEE2CB27A2E00E8D2D7 /* TitleDatabase.swift */; };
		3B6537C62CE0767C00409179 /* Memento.swift in Sources */ = {isa = PBXBuildFile; fileRef = 3B6537C52CE0767A00409179 /* Memento.swift */; };
		3B7550C32C995ADB008663E5 /* GlobalActorView.swift in Sources */ = {isa = PBXBuildFile; fileRef = 3B7550C22C995ADB008663E5 /* GlobalActorView.swift */; };
		3B7550C52C995B2A008663E5 /* GlobalActorViewModel.swift in Sources */ = {isa = PBXBuildFile; fileRef = 3B7550C42C995B2A008663E5 /* GlobalActorViewModel.swift */; };
		3B7550C72C995D6D008663E5 /* MyNewDataManager.swift in Sources */ = {isa = PBXBuildFile; fileRef = 3B7550C62C995D6D008663E5 /* MyNewDataManager.swift */; };
		3B7550C92C996714008663E5 /* MyFirstGlobalActor.swift in Sources */ = {isa = PBXBuildFile; fileRef = 3B7550C82C996714008663E5 /* MyFirstGlobalActor.swift */; };
		3B7550E62C9C12C6008663E5 /* SendableView.swift in Sources */ = {isa = PBXBuildFile; fileRef = 3B7550E52C9C12C6008663E5 /* SendableView.swift */; };
		3B7550E82C9C1421008663E5 /* SendableViewModel.swift in Sources */ = {isa = PBXBuildFile; fileRef = 3B7550E72C9C1421008663E5 /* SendableViewModel.swift */; };
		3B7550EA2C9C145F008663E5 /* CurrentUserManager.swift in Sources */ = {isa = PBXBuildFile; fileRef = 3B7550E92C9C145F008663E5 /* CurrentUserManager.swift */; };
		3B7550EC2C9C1A1B008663E5 /* MyUserInfo.swift in Sources */ = {isa = PBXBuildFile; fileRef = 3B7550EB2C9C1A1B008663E5 /* MyUserInfo.swift */; };
		3B7550EE2C9C1B55008663E5 /* MyClassUserInfo.swift in Sources */ = {isa = PBXBuildFile; fileRef = 3B7550ED2C9C1B55008663E5 /* MyClassUserInfo.swift */; };
		3B7550F12C9D0654008663E5 /* AsyncPublisherView.swift in Sources */ = {isa = PBXBuildFile; fileRef = 3B7550F02C9D0654008663E5 /* AsyncPublisherView.swift */; };
		3B7550F32C9D11C2008663E5 /* AsyncPublisherViewModel.swift in Sources */ = {isa = PBXBuildFile; fileRef = 3B7550F22C9D11C2008663E5 /* AsyncPublisherViewModel.swift */; };
		3B7550F52C9D11D4008663E5 /* AsyncPublisherDataManager.swift in Sources */ = {isa = PBXBuildFile; fileRef = 3B7550F42C9D11D4008663E5 /* AsyncPublisherDataManager.swift */; };
		3B7DAD6E2CB3A6640016FED7 /* SingleResponsibilityPrinciple.swift in Sources */ = {isa = PBXBuildFile; fileRef = 3B7DAD6C2CB3A6640016FED7 /* SingleResponsibilityPrinciple.swift */; };
		3B7DAD712CB3A9A10016FED7 /* OpenClosedPrinciple.swift in Sources */ = {isa = PBXBuildFile; fileRef = 3B7DAD702CB3A9A10016FED7 /* OpenClosedPrinciple.swift */; };
		3B875F1C2C8CF9E200B355B5 /* StructClassActorView.swift in Sources */ = {isa = PBXBuildFile; fileRef = 3B875F1B2C8CF9E200B355B5 /* StructClassActorView.swift */; };
		3B875F1E2C8CFB1200B355B5 /* MyStruct.swift in Sources */ = {isa = PBXBuildFile; fileRef = 3B875F1D2C8CFB1200B355B5 /* MyStruct.swift */; };
		3B875F202C8CFECA00B355B5 /* Myclass.swift in Sources */ = {isa = PBXBuildFile; fileRef = 3B875F1F2C8CFECA00B355B5 /* Myclass.swift */; };
		3B875F222C8D06CB00B355B5 /* CustomStruct.swift in Sources */ = {isa = PBXBuildFile; fileRef = 3B875F212C8D06CB00B355B5 /* CustomStruct.swift */; };
		3B875F242C8D090E00B355B5 /* MutatingStruct.swift in Sources */ = {isa = PBXBuildFile; fileRef = 3B875F232C8D090E00B355B5 /* MutatingStruct.swift */; };
		3B875F262C8D19D600B355B5 /* MyActor.swift in Sources */ = {isa = PBXBuildFile; fileRef = 3B875F252C8D19D600B355B5 /* MyActor.swift */; };
		3B8FA4FF2C789A2A00FE2E71 /* TaskGroupView.swift in Sources */ = {isa = PBXBuildFile; fileRef = 3B8FA4FE2C789A2A00FE2E71 /* TaskGroupView.swift */; };
		3B8FA5012C789ACB00FE2E71 /* TaskGroupViewModel.swift in Sources */ = {isa = PBXBuildFile; fileRef = 3B8FA5002C789ACB00FE2E71 /* TaskGroupViewModel.swift */; };
		3B8FA5032C789BCD00FE2E71 /* TaskGroupDataManager.swift in Sources */ = {isa = PBXBuildFile; fileRef = 3B8FA5022C789BCD00FE2E71 /* TaskGroupDataManager.swift */; };
		3B8FA5062C78B7FF00FE2E71 /* ContinuationsView.swift in Sources */ = {isa = PBXBuildFile; fileRef = 3B8FA5052C78B7FF00FE2E71 /* ContinuationsView.swift */; };
		3B8FA5082C78B81000FE2E71 /* ContinuationsViewModel.swift in Sources */ = {isa = PBXBuildFile; fileRef = 3B8FA5072C78B81000FE2E71 /* ContinuationsViewModel.swift */; };
		3B8FA50A2C78BFD200FE2E71 /* ContinuationsNetworkManager.swift in Sources */ = {isa = PBXBuildFile; fileRef = 3B8FA5092C78BFD200FE2E71 /* ContinuationsNetworkManager.swift */; };
		3B9559EF2C6111750028E9FE /* DoCatchTryThrowsView.swift in Sources */ = {isa = PBXBuildFile; fileRef = 3B9559EE2C6111750028E9FE /* DoCatchTryThrowsView.swift */; };
		3B9559F12C6111CC0028E9FE /* DoCatchTryThrowsViewModel.swift in Sources */ = {isa = PBXBuildFile; fileRef = 3B9559F02C6111CC0028E9FE /* DoCatchTryThrowsViewModel.swift */; };
		3B9559F32C6113670028E9FE /* DoCatchTryThrowsDataManager.swift in Sources */ = {isa = PBXBuildFile; fileRef = 3B9559F22C6113670028E9FE /* DoCatchTryThrowsDataManager.swift */; };
		3B975D512CC5860000893EA2 /* Composite.swift in Sources */ = {isa = PBXBuildFile; fileRef = 3B975D502CC585F900893EA2 /* Composite.swift */; };
		3B975D542CC58ABB00893EA2 /* NeuralNetworks.swift in Sources */ = {isa = PBXBuildFile; fileRef = 3B975D532CC58AB000893EA2 /* NeuralNetworks.swift */; };
		3B975D572CC7436500893EA2 /* SimplestDecorator.swift in Sources */ = {isa = PBXBuildFile; fileRef = 3B975D562CC7436000893EA2 /* SimplestDecorator.swift */; };
		3B975D592CC773CA00893EA2 /* MultipleInheritanceDecorator.swift in Sources */ = {isa = PBXBuildFile; fileRef = 3B975D582CC773C100893EA2 /* MultipleInheritanceDecorator.swift */; };
		3B975D5B2CC7750B00893EA2 /* DynamicDecorator.swift in Sources */ = {isa = PBXBuildFile; fileRef = 3B975D5A2CC7750600893EA2 /* DynamicDecorator.swift */; };
		3B975D5D2CC7751A00893EA2 /* StaticDecorator.swift in Sources */ = {isa = PBXBuildFile; fileRef = 3B975D5C2CC7751500893EA2 /* StaticDecorator.swift */; };
		3B97641A2CAE0780007FE8BC /* SearchableView.swift in Sources */ = {isa = PBXBuildFile; fileRef = 3B9764192CAE0780007FE8BC /* SearchableView.swift */; };
		3B97641C2CAE078B007FE8BC /* SearchableViewModel.swift in Sources */ = {isa = PBXBuildFile; fileRef = 3B97641B2CAE078B007FE8BC /* SearchableViewModel.swift */; };
		3B97641E2CAE079D007FE8BC /* RestaurantManager.swift in Sources */ = {isa = PBXBuildFile; fileRef = 3B97641D2CAE079D007FE8BC /* RestaurantManager.swift */; };
		3B9764202CAE1AEE007FE8BC /* SearchChildView.swift in Sources */ = {isa = PBXBuildFile; fileRef = 3B97641F2CAE1AEE007FE8BC /* SearchChildView.swift */; };
		3B9AE41C2C6CDB2F00E0ABE1 /* TaskView.swift in Sources */ = {isa = PBXBuildFile; fileRef = 3B9AE41B2C6CDB2F00E0ABE1 /* TaskView.swift */; };
		3B9AE41E2C6CDB3C00E0ABE1 /* TaskViewModel.swift in Sources */ = {isa = PBXBuildFile; fileRef = 3B9AE41D2C6CDB3C00E0ABE1 /* TaskViewModel.swift */; };
		3BB87F5E2CBA0CAA00853E8E /* Builder.swift in Sources */ = {isa = PBXBuildFile; fileRef = 3BB87F5D2CBA0CAA00853E8E /* Builder.swift */; };
		3BB87F602CBA0FFE00853E8E /* FacetedBuilder.swift in Sources */ = {isa = PBXBuildFile; fileRef = 3BB87F5F2CBA0FFE00853E8E /* FacetedBuilder.swift */; };
		3BB99EC82C6DCA4000204E51 /* AsyncLetView.swift in Sources */ = {isa = PBXBuildFile; fileRef = 3BB99EC72C6DCA4000204E51 /* AsyncLetView.swift */; };
		3BB99ECA2C6DCA4E00204E51 /* AsyncLetViewModel.swift in Sources */ = {isa = PBXBuildFile; fileRef = 3BB99EC92C6DCA4E00204E51 /* AsyncLetViewModel.swift */; };
		3BCC008D2C9556F60063D484 /* ActorView.swift in Sources */ = {isa = PBXBuildFile; fileRef = 3BCC008C2C9556F60063D484 /* ActorView.swift */; };
		3BCC008F2C955B810063D484 /* HomeView.swift in Sources */ = {isa = PBXBuildFile; fileRef = 3BCC008E2C955B810063D484 /* HomeView.swift */; };
		3BCC00912C955BD40063D484 /* BrowseView.swift in Sources */ = {isa = PBXBuildFile; fileRef = 3BCC00902C955BD40063D484 /* BrowseView.swift */; };
		3BCC00932C955D5D0063D484 /* MyDataManager.swift in Sources */ = {isa = PBXBuildFile; fileRef = 3BCC00922C955D5D0063D484 /* MyDataManager.swift */; };
		3BCC00952C9565B30063D484 /* MyActorDataManager.swift in Sources */ = {isa = PBXBuildFile; fileRef = 3BCC00942C9565B30063D484 /* MyActorDataManager.swift */; };
		3BCF6FB82CC329F1008FE153 /* Bridge.swift in Sources */ = {isa = PBXBuildFile; fileRef = 3BCF6FB72CC329EE008FE153 /* Bridge.swift */; };
		3BD0E4ED2CDE9532004819F2 /* Iterator.swift in Sources */ = {isa = PBXBuildFile; fileRef = 3BD0E4EC2CDE952D004819F2 /* Iterator.swift */; };
		3BD0E4EF2CDE9C70004819F2 /* ArrayBackedProperties.swift in Sources */ = {isa = PBXBuildFile; fileRef = 3BD0E4EE2CDE9C63004819F2 /* ArrayBackedProperties.swift */; };
		3BD0E4F22CDEA969004819F2 /* Mediator.swift in Sources */ = {isa = PBXBuildFile; fileRef = 3BD0E4F12CDEA967004819F2 /* Mediator.swift */; };
		3BD397622CABC87D00E7F27D /* RefreshableView.swift in Sources */ = {isa = PBXBuildFile; fileRef = 3BD397612CABC87D00E7F27D /* RefreshableView.swift */; };
		3BD397642CABC88F00E7F27D /* RefreshableViewModel.swift in Sources */ = {isa = PBXBuildFile; fileRef = 3BD397632CABC88F00E7F27D /* RefreshableViewModel.swift */; };
		3BD397662CABC92500E7F27D /* RefreshableDataService.swift in Sources */ = {isa = PBXBuildFile; fileRef = 3BD397652CABC92500E7F27D /* RefreshableDataService.swift */; };
		3BD5392D2CA7745B004CE28D /* StrongWeakReferencesView.swift in Sources */ = {isa = PBXBuildFile; fileRef = 3BD5392C2CA7745B004CE28D /* StrongWeakReferencesView.swift */; };
		3BD5392F2CA776B4004CE28D /* StrongWeakReferencesViewModel.swift in Sources */ = {isa = PBXBuildFile; fileRef = 3BD5392E2CA776B4004CE28D /* StrongWeakReferencesViewModel.swift */; };
		3BD539312CA77734004CE28D /* StrongWeakReferencesDataService.swift in Sources */ = {isa = PBXBuildFile; fileRef = 3BD539302CA77734004CE28D /* StrongWeakReferencesDataService.swift */; };
		3BD539342CA7889D004CE28D /* MVVMView.swift in Sources */ = {isa = PBXBuildFile; fileRef = 3BD539332CA7889D004CE28D /* MVVMView.swift */; };
		3BD539362CA788A6004CE28D /* MVVMViewModel.swift in Sources */ = {isa = PBXBuildFile; fileRef = 3BD539352CA788A6004CE28D /* MVVMViewModel.swift */; };
		3BD539382CA78951004CE28D /* MyManagerClass.swift in Sources */ = {isa = PBXBuildFile; fileRef = 3BD539372CA78951004CE28D /* MyManagerClass.swift */; };
		3BD5393A2CA7895E004CE28D /* MyManagerActor.swift in Sources */ = {isa = PBXBuildFile; fileRef = 3BD539392CA7895E004CE28D /* MyManagerActor.swift */; };
		3BD6C4892C50F0150070279B /* AppDelegate.swift in Sources */ = {isa = PBXBuildFile; fileRef = 3BD6C4882C50F0150070279B /* AppDelegate.swift */; };
		3BD6C48B2C50F0150070279B /* SceneDelegate.swift in Sources */ = {isa = PBXBuildFile; fileRef = 3BD6C48A2C50F0150070279B /* SceneDelegate.swift */; };
		3BD6C4922C50F0160070279B /* Assets.xcassets in Resources */ = {isa = PBXBuildFile; fileRef = 3BD6C4912C50F0160070279B /* Assets.xcassets */; };
		3BD94ECB2CBF3A540060B681 /* Prototype.swift in Sources */ = {isa = PBXBuildFile; fileRef = 3BD94ECA2CBF3A4F0060B681 /* Prototype.swift */; };
		3BD94ECE2CC07E750060B681 /* Singleton.swift in Sources */ = {isa = PBXBuildFile; fileRef = 3BD94ECD2CC07E710060B681 /* Singleton.swift */; };
		3BD94ED02CC083210060B681 /* capitals.txt in Resources */ = {isa = PBXBuildFile; fileRef = 3BD94ECF2CC083180060B681 /* capitals.txt */; };
		3BD94EE42CC0916F0060B681 /* Monostate.swift in Sources */ = {isa = PBXBuildFile; fileRef = 3BD94EE32CC0916D0060B681 /* Monostate.swift */; };
		3BDC44D02C63535F00D11760 /* MainViewController.swift in Sources */ = {isa = PBXBuildFile; fileRef = 3BDC44CF2C63535F00D11760 /* MainViewController.swift */; };
		3BDC44D22C6358BA00D11760 /* ConcurrencyViewController.swift in Sources */ = {isa = PBXBuildFile; fileRef = 3BDC44D12C6358BA00D11760 /* ConcurrencyViewController.swift */; };
		3BDC44D52C63603E00D11760 /* DownloadImagesWithAsyncView.swift in Sources */ = {isa = PBXBuildFile; fileRef = 3BDC44D42C63603E00D11760 /* DownloadImagesWithAsyncView.swift */; };
		3BDC44D72C6360FD00D11760 /* DownloadImagesWithAsyncViewModel.swift in Sources */ = {isa = PBXBuildFile; fileRef = 3BDC44D62C6360FD00D11760 /* DownloadImagesWithAsyncViewModel.swift */; };
		3BDC44D92C63622D00D11760 /* DownloadImageAsyncImageLoader.swift in Sources */ = {isa = PBXBuildFile; fileRef = 3BDC44D82C63622D00D11760 /* DownloadImageAsyncImageLoader.swift */; };
		3BE097122CB498F1006B2B6F /* LiskovSubstitutionPrinciple.swift in Sources */ = {isa = PBXBuildFile; fileRef = 3BE097112CB498F1006B2B6F /* LiskovSubstitutionPrinciple.swift */; };
		3BE097142CB4B075006B2B6F /* InterfaceSegregationPrinciple.swift in Sources */ = {isa = PBXBuildFile; fileRef = 3BE097132CB4B075006B2B6F /* InterfaceSegregationPrinciple.swift */; };
		3BE097162CB4B4AB006B2B6F /* DependencyInversionPrinciple.swift in Sources */ = {isa = PBXBuildFile; fileRef = 3BE097152CB4B4AB006B2B6F /* DependencyInversionPrinciple.swift */; };
		3BE83C4B2CC23B6500AB5CB7 /* Adapter.swift in Sources */ = {isa = PBXBuildFile; fileRef = 3BE83C4A2CC23B6300AB5CB7 /* Adapter.swift */; };
/* End PBXBuildFile section */

/* Begin PBXContainerItemProxy section */
		3BD94ED92CC089130060B681 /* PBXContainerItemProxy */ = {
			isa = PBXContainerItemProxy;
			containerPortal = 3BD6C47D2C50F0150070279B /* Project object */;
			proxyType = 1;
			remoteGlobalIDString = 3BD6C4842C50F0150070279B;
			remoteInfo = iOSDevPractice;
		};
/* End PBXContainerItemProxy section */

/* Begin PBXFileReference section */
		3B01B3B82CE2E37A00BB95B9 /* NullObject.swift */ = {isa = PBXFileReference; lastKnownFileType = sourcecode.swift; path = NullObject.swift; sourceTree = "<group>"; };
		3B01B3BB2CE2EC5700BB95B9 /* Events.swift */ = {isa = PBXFileReference; lastKnownFileType = sourcecode.swift; path = Events.swift; sourceTree = "<group>"; };
		3B01B3BD2CE2FF3F00BB95B9 /* Property.swift */ = {isa = PBXFileReference; lastKnownFileType = sourcecode.swift; path = Property.swift; sourceTree = "<group>"; };
		3B0429472C651E9C004CF65B /* AsyncAwaitView.swift */ = {isa = PBXFileReference; lastKnownFileType = sourcecode.swift; path = AsyncAwaitView.swift; sourceTree = "<group>"; };
		3B0429492C651EB7004CF65B /* AsyncAwaitViewModel.swift */ = {isa = PBXFileReference; lastKnownFileType = sourcecode.swift; path = AsyncAwaitViewModel.swift; sourceTree = "<group>"; };
		3B06626B2CDAFB4300293A5C /* MethodChain.swift */ = {isa = PBXFileReference; lastKnownFileType = sourcecode.swift; path = MethodChain.swift; sourceTree = "<group>"; };
		3B06626D2CDAFDBE00293A5C /* BrockerChain.swift */ = {isa = PBXFileReference; lastKnownFileType = sourcecode.swift; path = BrockerChain.swift; sourceTree = "<group>"; };
		3B12D9882CCA1074009BB8DE /* Façade.swift */ = {isa = PBXFileReference; lastKnownFileType = sourcecode.swift; path = "Façade.swift"; sourceTree = "<group>"; };
		3B1B332D2CAFD6FB00D35FD5 /* PhotosPickerView.swift */ = {isa = PBXFileReference; lastKnownFileType = sourcecode.swift; path = PhotosPickerView.swift; sourceTree = "<group>"; };
		3B1B332F2CAFD70600D35FD5 /* PhotosPickerViewModel.swift */ = {isa = PBXFileReference; lastKnownFileType = sourcecode.swift; path = PhotosPickerViewModel.swift; sourceTree = "<group>"; };
		3B1C39652CDC2C14004F7D1F /* Command.swift */ = {isa = PBXFileReference; lastKnownFileType = sourcecode.swift; path = Command.swift; sourceTree = "<group>"; };
		3B1C39682CDC3481004F7D1F /* Interpreter.swift */ = {isa = PBXFileReference; lastKnownFileType = sourcecode.swift; path = Interpreter.swift; sourceTree = "<group>"; };
		3B210C542CCC23F200C621C2 /* Flyweight.swift */ = {isa = PBXFileReference; lastKnownFileType = sourcecode.swift; path = Flyweight.swift; sourceTree = "<group>"; };
		3B210C562CCC29D800C621C2 /* TextFormatting.swift */ = {isa = PBXFileReference; lastKnownFileType = sourcecode.swift; path = TextFormatting.swift; sourceTree = "<group>"; };
		3B3314F22C539DBE00986EAA /* OBViewObserver.swift */ = {isa = PBXFileReference; lastKnownFileType = sourcecode.swift; path = OBViewObserver.swift; sourceTree = "<group>"; };
		3B3314F42C53CC0800986EAA /* OBViewController.swift */ = {isa = PBXFileReference; lastKnownFileType = sourcecode.swift; path = OBViewController.swift; sourceTree = "<group>"; };
		3B44B5FA2CBC55B30067A2C2 /* InnerFactory.swift */ = {isa = PBXFileReference; lastKnownFileType = sourcecode.swift; path = InnerFactory.swift; sourceTree = "<group>"; };
		3B44B5FE2CBC5B760067A2C2 /* AbstractFactory.swift */ = {isa = PBXFileReference; lastKnownFileType = sourcecode.swift; path = AbstractFactory.swift; sourceTree = "<group>"; };
		3B5EBEC62CD58B0100064C1F /* Proxy.swift */ = {isa = PBXFileReference; lastKnownFileType = sourcecode.swift; path = Proxy.swift; sourceTree = "<group>"; };
		3B5EBEC82CD58E2700064C1F /* PropertyProxy.swift */ = {isa = PBXFileReference; lastKnownFileType = sourcecode.swift; path = PropertyProxy.swift; sourceTree = "<group>"; };
		3B64DDE32CB2511400E8D2D7 /* AsyncStreamView.swift */ = {isa = PBXFileReference; lastKnownFileType = sourcecode.swift; path = AsyncStreamView.swift; sourceTree = "<group>"; };
		3B64DDE52CB2512000E8D2D7 /* AsyncStreamViewModel.swift */ = {isa = PBXFileReference; lastKnownFileType = sourcecode.swift; path = AsyncStreamViewModel.swift; sourceTree = "<group>"; };
		3B64DDE72CB2625A00E8D2D7 /* AsyncStreamDataManager.swift */ = {isa = PBXFileReference; lastKnownFileType = sourcecode.swift; path = AsyncStreamDataManager.swift; sourceTree = "<group>"; };
		3B64DDEA2CB2753600E8D2D7 /* ObservableMacroView.swift */ = {isa = PBXFileReference; lastKnownFileType = sourcecode.swift; path = ObservableMacroView.swift; sourceTree = "<group>"; };
		3B64DDEC2CB2754300E8D2D7 /* ObservableMacroViewModel.swift */ = {isa = PBXFileReference; lastKnownFileType = sourcecode.swift; path = ObservableMacroViewModel.swift; sourceTree = "<group>"; };
		3B64DDEE2CB27A2E00E8D2D7 /* TitleDatabase.swift */ = {isa = PBXFileReference; lastKnownFileType = sourcecode.swift; path = TitleDatabase.swift; sourceTree = "<group>"; };
		3B6537C52CE0767A00409179 /* Memento.swift */ = {isa = PBXFileReference; lastKnownFileType = sourcecode.swift; path = Memento.swift; sourceTree = "<group>"; };
		3B7550C22C995ADB008663E5 /* GlobalActorView.swift */ = {isa = PBXFileReference; lastKnownFileType = sourcecode.swift; path = GlobalActorView.swift; sourceTree = "<group>"; };
		3B7550C42C995B2A008663E5 /* GlobalActorViewModel.swift */ = {isa = PBXFileReference; lastKnownFileType = sourcecode.swift; path = GlobalActorViewModel.swift; sourceTree = "<group>"; };
		3B7550C62C995D6D008663E5 /* MyNewDataManager.swift */ = {isa = PBXFileReference; lastKnownFileType = sourcecode.swift; path = MyNewDataManager.swift; sourceTree = "<group>"; };
		3B7550C82C996714008663E5 /* MyFirstGlobalActor.swift */ = {isa = PBXFileReference; lastKnownFileType = sourcecode.swift; path = MyFirstGlobalActor.swift; sourceTree = "<group>"; };
		3B7550E52C9C12C6008663E5 /* SendableView.swift */ = {isa = PBXFileReference; lastKnownFileType = sourcecode.swift; path = SendableView.swift; sourceTree = "<group>"; };
		3B7550E72C9C1421008663E5 /* SendableViewModel.swift */ = {isa = PBXFileReference; lastKnownFileType = sourcecode.swift; path = SendableViewModel.swift; sourceTree = "<group>"; };
		3B7550E92C9C145F008663E5 /* CurrentUserManager.swift */ = {isa = PBXFileReference; lastKnownFileType = sourcecode.swift; path = CurrentUserManager.swift; sourceTree = "<group>"; };
		3B7550EB2C9C1A1B008663E5 /* MyUserInfo.swift */ = {isa = PBXFileReference; lastKnownFileType = sourcecode.swift; path = MyUserInfo.swift; sourceTree = "<group>"; };
		3B7550ED2C9C1B55008663E5 /* MyClassUserInfo.swift */ = {isa = PBXFileReference; lastKnownFileType = sourcecode.swift; path = MyClassUserInfo.swift; sourceTree = "<group>"; };
		3B7550F02C9D0654008663E5 /* AsyncPublisherView.swift */ = {isa = PBXFileReference; lastKnownFileType = sourcecode.swift; path = AsyncPublisherView.swift; sourceTree = "<group>"; };
		3B7550F22C9D11C2008663E5 /* AsyncPublisherViewModel.swift */ = {isa = PBXFileReference; lastKnownFileType = sourcecode.swift; path = AsyncPublisherViewModel.swift; sourceTree = "<group>"; };
		3B7550F42C9D11D4008663E5 /* AsyncPublisherDataManager.swift */ = {isa = PBXFileReference; lastKnownFileType = sourcecode.swift; path = AsyncPublisherDataManager.swift; sourceTree = "<group>"; };
		3B7DAD6C2CB3A6640016FED7 /* SingleResponsibilityPrinciple.swift */ = {isa = PBXFileReference; fileEncoding = 4; lastKnownFileType = sourcecode.swift; path = SingleResponsibilityPrinciple.swift; sourceTree = "<group>"; };
		3B7DAD702CB3A9A10016FED7 /* OpenClosedPrinciple.swift */ = {isa = PBXFileReference; lastKnownFileType = sourcecode.swift; path = OpenClosedPrinciple.swift; sourceTree = "<group>"; };
		3B875F1B2C8CF9E200B355B5 /* StructClassActorView.swift */ = {isa = PBXFileReference; lastKnownFileType = sourcecode.swift; path = StructClassActorView.swift; sourceTree = "<group>"; };
		3B875F1D2C8CFB1200B355B5 /* MyStruct.swift */ = {isa = PBXFileReference; lastKnownFileType = sourcecode.swift; path = MyStruct.swift; sourceTree = "<group>"; };
		3B875F1F2C8CFECA00B355B5 /* Myclass.swift */ = {isa = PBXFileReference; lastKnownFileType = sourcecode.swift; path = Myclass.swift; sourceTree = "<group>"; };
		3B875F212C8D06CB00B355B5 /* CustomStruct.swift */ = {isa = PBXFileReference; lastKnownFileType = sourcecode.swift; path = CustomStruct.swift; sourceTree = "<group>"; };
		3B875F232C8D090E00B355B5 /* MutatingStruct.swift */ = {isa = PBXFileReference; lastKnownFileType = sourcecode.swift; path = MutatingStruct.swift; sourceTree = "<group>"; };
		3B875F252C8D19D600B355B5 /* MyActor.swift */ = {isa = PBXFileReference; lastKnownFileType = sourcecode.swift; path = MyActor.swift; sourceTree = "<group>"; };
		3B8FA4FE2C789A2A00FE2E71 /* TaskGroupView.swift */ = {isa = PBXFileReference; lastKnownFileType = sourcecode.swift; path = TaskGroupView.swift; sourceTree = "<group>"; };
		3B8FA5002C789ACB00FE2E71 /* TaskGroupViewModel.swift */ = {isa = PBXFileReference; lastKnownFileType = sourcecode.swift; path = TaskGroupViewModel.swift; sourceTree = "<group>"; };
		3B8FA5022C789BCD00FE2E71 /* TaskGroupDataManager.swift */ = {isa = PBXFileReference; lastKnownFileType = sourcecode.swift; path = TaskGroupDataManager.swift; sourceTree = "<group>"; };
		3B8FA5052C78B7FF00FE2E71 /* ContinuationsView.swift */ = {isa = PBXFileReference; lastKnownFileType = sourcecode.swift; path = ContinuationsView.swift; sourceTree = "<group>"; };
		3B8FA5072C78B81000FE2E71 /* ContinuationsViewModel.swift */ = {isa = PBXFileReference; lastKnownFileType = sourcecode.swift; path = ContinuationsViewModel.swift; sourceTree = "<group>"; };
		3B8FA5092C78BFD200FE2E71 /* ContinuationsNetworkManager.swift */ = {isa = PBXFileReference; lastKnownFileType = sourcecode.swift; path = ContinuationsNetworkManager.swift; sourceTree = "<group>"; };
		3B9559EE2C6111750028E9FE /* DoCatchTryThrowsView.swift */ = {isa = PBXFileReference; lastKnownFileType = sourcecode.swift; path = DoCatchTryThrowsView.swift; sourceTree = "<group>"; };
		3B9559F02C6111CC0028E9FE /* DoCatchTryThrowsViewModel.swift */ = {isa = PBXFileReference; lastKnownFileType = sourcecode.swift; path = DoCatchTryThrowsViewModel.swift; sourceTree = "<group>"; };
		3B9559F22C6113670028E9FE /* DoCatchTryThrowsDataManager.swift */ = {isa = PBXFileReference; lastKnownFileType = sourcecode.swift; path = DoCatchTryThrowsDataManager.swift; sourceTree = "<group>"; };
		3B975D502CC585F900893EA2 /* Composite.swift */ = {isa = PBXFileReference; lastKnownFileType = sourcecode.swift; path = Composite.swift; sourceTree = "<group>"; };
		3B975D532CC58AB000893EA2 /* NeuralNetworks.swift */ = {isa = PBXFileReference; lastKnownFileType = sourcecode.swift; path = NeuralNetworks.swift; sourceTree = "<group>"; };
		3B975D562CC7436000893EA2 /* SimplestDecorator.swift */ = {isa = PBXFileReference; lastKnownFileType = sourcecode.swift; path = SimplestDecorator.swift; sourceTree = "<group>"; };
		3B975D582CC773C100893EA2 /* MultipleInheritanceDecorator.swift */ = {isa = PBXFileReference; lastKnownFileType = sourcecode.swift; path = MultipleInheritanceDecorator.swift; sourceTree = "<group>"; };
		3B975D5A2CC7750600893EA2 /* DynamicDecorator.swift */ = {isa = PBXFileReference; lastKnownFileType = sourcecode.swift; path = DynamicDecorator.swift; sourceTree = "<group>"; };
		3B975D5C2CC7751500893EA2 /* StaticDecorator.swift */ = {isa = PBXFileReference; lastKnownFileType = sourcecode.swift; path = StaticDecorator.swift; sourceTree = "<group>"; };
		3B9764192CAE0780007FE8BC /* SearchableView.swift */ = {isa = PBXFileReference; lastKnownFileType = sourcecode.swift; path = SearchableView.swift; sourceTree = "<group>"; };
		3B97641B2CAE078B007FE8BC /* SearchableViewModel.swift */ = {isa = PBXFileReference; lastKnownFileType = sourcecode.swift; path = SearchableViewModel.swift; sourceTree = "<group>"; };
		3B97641D2CAE079D007FE8BC /* RestaurantManager.swift */ = {isa = PBXFileReference; lastKnownFileType = sourcecode.swift; path = RestaurantManager.swift; sourceTree = "<group>"; };
		3B97641F2CAE1AEE007FE8BC /* SearchChildView.swift */ = {isa = PBXFileReference; lastKnownFileType = sourcecode.swift; path = SearchChildView.swift; sourceTree = "<group>"; };
		3B9AE41B2C6CDB2F00E0ABE1 /* TaskView.swift */ = {isa = PBXFileReference; lastKnownFileType = sourcecode.swift; path = TaskView.swift; sourceTree = "<group>"; };
		3B9AE41D2C6CDB3C00E0ABE1 /* TaskViewModel.swift */ = {isa = PBXFileReference; lastKnownFileType = sourcecode.swift; path = TaskViewModel.swift; sourceTree = "<group>"; };
		3BB87F5D2CBA0CAA00853E8E /* Builder.swift */ = {isa = PBXFileReference; lastKnownFileType = sourcecode.swift; path = Builder.swift; sourceTree = "<group>"; };
		3BB87F5F2CBA0FFE00853E8E /* FacetedBuilder.swift */ = {isa = PBXFileReference; lastKnownFileType = sourcecode.swift; path = FacetedBuilder.swift; sourceTree = "<group>"; };
		3BB99EC72C6DCA4000204E51 /* AsyncLetView.swift */ = {isa = PBXFileReference; lastKnownFileType = sourcecode.swift; path = AsyncLetView.swift; sourceTree = "<group>"; };
		3BB99EC92C6DCA4E00204E51 /* AsyncLetViewModel.swift */ = {isa = PBXFileReference; lastKnownFileType = sourcecode.swift; path = AsyncLetViewModel.swift; sourceTree = "<group>"; };
		3BCC008C2C9556F60063D484 /* ActorView.swift */ = {isa = PBXFileReference; lastKnownFileType = sourcecode.swift; path = ActorView.swift; sourceTree = "<group>"; };
		3BCC008E2C955B810063D484 /* HomeView.swift */ = {isa = PBXFileReference; lastKnownFileType = sourcecode.swift; path = HomeView.swift; sourceTree = "<group>"; };
		3BCC00902C955BD40063D484 /* BrowseView.swift */ = {isa = PBXFileReference; lastKnownFileType = sourcecode.swift; path = BrowseView.swift; sourceTree = "<group>"; };
		3BCC00922C955D5D0063D484 /* MyDataManager.swift */ = {isa = PBXFileReference; lastKnownFileType = sourcecode.swift; path = MyDataManager.swift; sourceTree = "<group>"; };
		3BCC00942C9565B30063D484 /* MyActorDataManager.swift */ = {isa = PBXFileReference; lastKnownFileType = sourcecode.swift; path = MyActorDataManager.swift; sourceTree = "<group>"; };
		3BCF6FB72CC329EE008FE153 /* Bridge.swift */ = {isa = PBXFileReference; lastKnownFileType = sourcecode.swift; path = Bridge.swift; sourceTree = "<group>"; };
		3BD0E4EC2CDE952D004819F2 /* Iterator.swift */ = {isa = PBXFileReference; lastKnownFileType = sourcecode.swift; path = Iterator.swift; sourceTree = "<group>"; };
		3BD0E4EE2CDE9C63004819F2 /* ArrayBackedProperties.swift */ = {isa = PBXFileReference; lastKnownFileType = sourcecode.swift; path = ArrayBackedProperties.swift; sourceTree = "<group>"; };
		3BD0E4F12CDEA967004819F2 /* Mediator.swift */ = {isa = PBXFileReference; lastKnownFileType = sourcecode.swift; path = Mediator.swift; sourceTree = "<group>"; };
		3BD397612CABC87D00E7F27D /* RefreshableView.swift */ = {isa = PBXFileReference; lastKnownFileType = sourcecode.swift; path = RefreshableView.swift; sourceTree = "<group>"; };
		3BD397632CABC88F00E7F27D /* RefreshableViewModel.swift */ = {isa = PBXFileReference; lastKnownFileType = sourcecode.swift; path = RefreshableViewModel.swift; sourceTree = "<group>"; };
		3BD397652CABC92500E7F27D /* RefreshableDataService.swift */ = {isa = PBXFileReference; lastKnownFileType = sourcecode.swift; path = RefreshableDataService.swift; sourceTree = "<group>"; };
		3BD5392C2CA7745B004CE28D /* StrongWeakReferencesView.swift */ = {isa = PBXFileReference; lastKnownFileType = sourcecode.swift; path = StrongWeakReferencesView.swift; sourceTree = "<group>"; };
		3BD5392E2CA776B4004CE28D /* StrongWeakReferencesViewModel.swift */ = {isa = PBXFileReference; lastKnownFileType = sourcecode.swift; path = StrongWeakReferencesViewModel.swift; sourceTree = "<group>"; };
		3BD539302CA77734004CE28D /* StrongWeakReferencesDataService.swift */ = {isa = PBXFileReference; lastKnownFileType = sourcecode.swift; path = StrongWeakReferencesDataService.swift; sourceTree = "<group>"; };
		3BD539332CA7889D004CE28D /* MVVMView.swift */ = {isa = PBXFileReference; lastKnownFileType = sourcecode.swift; path = MVVMView.swift; sourceTree = "<group>"; };
		3BD539352CA788A6004CE28D /* MVVMViewModel.swift */ = {isa = PBXFileReference; lastKnownFileType = sourcecode.swift; path = MVVMViewModel.swift; sourceTree = "<group>"; };
		3BD539372CA78951004CE28D /* MyManagerClass.swift */ = {isa = PBXFileReference; lastKnownFileType = sourcecode.swift; path = MyManagerClass.swift; sourceTree = "<group>"; };
		3BD539392CA7895E004CE28D /* MyManagerActor.swift */ = {isa = PBXFileReference; lastKnownFileType = sourcecode.swift; path = MyManagerActor.swift; sourceTree = "<group>"; };
		3BD6C4852C50F0150070279B /* iOSDevPractice.app */ = {isa = PBXFileReference; explicitFileType = wrapper.application; includeInIndex = 0; path = iOSDevPractice.app; sourceTree = BUILT_PRODUCTS_DIR; };
		3BD6C4882C50F0150070279B /* AppDelegate.swift */ = {isa = PBXFileReference; lastKnownFileType = sourcecode.swift; path = AppDelegate.swift; sourceTree = "<group>"; };
		3BD6C48A2C50F0150070279B /* SceneDelegate.swift */ = {isa = PBXFileReference; lastKnownFileType = sourcecode.swift; path = SceneDelegate.swift; sourceTree = "<group>"; };
		3BD6C4912C50F0160070279B /* Assets.xcassets */ = {isa = PBXFileReference; lastKnownFileType = folder.assetcatalog; path = Assets.xcassets; sourceTree = "<group>"; };
		3BD6C4962C50F0160070279B /* Info.plist */ = {isa = PBXFileReference; lastKnownFileType = text.plist.xml; path = Info.plist; sourceTree = "<group>"; };
		3BD94ECA2CBF3A4F0060B681 /* Prototype.swift */ = {isa = PBXFileReference; lastKnownFileType = sourcecode.swift; path = Prototype.swift; sourceTree = "<group>"; };
		3BD94ECD2CC07E710060B681 /* Singleton.swift */ = {isa = PBXFileReference; lastKnownFileType = sourcecode.swift; path = Singleton.swift; sourceTree = "<group>"; };
		3BD94ECF2CC083180060B681 /* capitals.txt */ = {isa = PBXFileReference; lastKnownFileType = text; path = capitals.txt; sourceTree = "<group>"; };
		3BD94ED52CC089130060B681 /* iOSDevPracticeTests.xctest */ = {isa = PBXFileReference; explicitFileType = wrapper.cfbundle; includeInIndex = 0; path = iOSDevPracticeTests.xctest; sourceTree = BUILT_PRODUCTS_DIR; };
		3BD94EE32CC0916D0060B681 /* Monostate.swift */ = {isa = PBXFileReference; lastKnownFileType = sourcecode.swift; path = Monostate.swift; sourceTree = "<group>"; };
		3BDC44CF2C63535F00D11760 /* MainViewController.swift */ = {isa = PBXFileReference; lastKnownFileType = sourcecode.swift; path = MainViewController.swift; sourceTree = "<group>"; };
		3BDC44D12C6358BA00D11760 /* ConcurrencyViewController.swift */ = {isa = PBXFileReference; lastKnownFileType = sourcecode.swift; path = ConcurrencyViewController.swift; sourceTree = "<group>"; };
		3BDC44D42C63603E00D11760 /* DownloadImagesWithAsyncView.swift */ = {isa = PBXFileReference; lastKnownFileType = sourcecode.swift; path = DownloadImagesWithAsyncView.swift; sourceTree = "<group>"; };
		3BDC44D62C6360FD00D11760 /* DownloadImagesWithAsyncViewModel.swift */ = {isa = PBXFileReference; lastKnownFileType = sourcecode.swift; path = DownloadImagesWithAsyncViewModel.swift; sourceTree = "<group>"; };
		3BDC44D82C63622D00D11760 /* DownloadImageAsyncImageLoader.swift */ = {isa = PBXFileReference; lastKnownFileType = sourcecode.swift; path = DownloadImageAsyncImageLoader.swift; sourceTree = "<group>"; };
		3BE097112CB498F1006B2B6F /* LiskovSubstitutionPrinciple.swift */ = {isa = PBXFileReference; lastKnownFileType = sourcecode.swift; path = LiskovSubstitutionPrinciple.swift; sourceTree = "<group>"; };
		3BE097132CB4B075006B2B6F /* InterfaceSegregationPrinciple.swift */ = {isa = PBXFileReference; lastKnownFileType = sourcecode.swift; path = InterfaceSegregationPrinciple.swift; sourceTree = "<group>"; };
		3BE097152CB4B4AB006B2B6F /* DependencyInversionPrinciple.swift */ = {isa = PBXFileReference; lastKnownFileType = sourcecode.swift; path = DependencyInversionPrinciple.swift; sourceTree = "<group>"; };
		3BE83C4A2CC23B6300AB5CB7 /* Adapter.swift */ = {isa = PBXFileReference; lastKnownFileType = sourcecode.swift; path = Adapter.swift; sourceTree = "<group>"; };
/* End PBXFileReference section */

/* Begin PBXFrameworksBuildPhase section */
		3BD6C4822C50F0150070279B /* Frameworks */ = {
			isa = PBXFrameworksBuildPhase;
			buildActionMask = 2147483647;
			files = (
			);
			runOnlyForDeploymentPostprocessing = 0;
		};
		3BD94ED22CC089130060B681 /* Frameworks */ = {
			isa = PBXFrameworksBuildPhase;
			buildActionMask = 2147483647;
			files = (
			);
			runOnlyForDeploymentPostprocessing = 0;
		};
/* End PBXFrameworksBuildPhase section */

/* Begin PBXGroup section */
		3B01B3B72CE2E36600BB95B9 /* NullObject */ = {
			isa = PBXGroup;
			children = (
				3B01B3B82CE2E37A00BB95B9 /* NullObject.swift */,
			);
			path = NullObject;
			sourceTree = "<group>";
		};
		3B01B3BA2CE2EC2500BB95B9 /* Observer */ = {
			isa = PBXGroup;
			children = (
				3B01B3BB2CE2EC5700BB95B9 /* Events.swift */,
				3B01B3BD2CE2FF3F00BB95B9 /* Property.swift */,
			);
			path = Observer;
			sourceTree = "<group>";
		};
		3B0429462C651E88004CF65B /* AsyncAwait */ = {
			isa = PBXGroup;
			children = (
				3B0429472C651E9C004CF65B /* AsyncAwaitView.swift */,
				3B0429492C651EB7004CF65B /* AsyncAwaitViewModel.swift */,
			);
			path = AsyncAwait;
			sourceTree = "<group>";
		};
		3B06626A2CDAFB3100293A5C /* ChainOfResponsibility */ = {
			isa = PBXGroup;
			children = (
				3B06626D2CDAFDBE00293A5C /* BrockerChain.swift */,
				3B06626B2CDAFB4300293A5C /* MethodChain.swift */,
			);
			path = ChainOfResponsibility;
			sourceTree = "<group>";
		};
		3B12D9872CCA1060009BB8DE /* Façade */ = {
			isa = PBXGroup;
			children = (
				3B12D9882CCA1074009BB8DE /* Façade.swift */,
			);
			name = "Façade";
			path = "Façade";
			sourceTree = "<group>";
		};
		3B1B332C2CAFD6E200D35FD5 /* PhotosPicker */ = {
			isa = PBXGroup;
			children = (
				3B1B332D2CAFD6FB00D35FD5 /* PhotosPickerView.swift */,
				3B1B332F2CAFD70600D35FD5 /* PhotosPickerViewModel.swift */,
			);
			path = PhotosPicker;
			sourceTree = "<group>";
		};
		3B1C39642CDC2C04004F7D1F /* Command */ = {
			isa = PBXGroup;
			children = (
				3B1C39652CDC2C14004F7D1F /* Command.swift */,
			);
			path = Command;
			sourceTree = "<group>";
		};
		3B1C39672CDC3470004F7D1F /* Interpreter */ = {
			isa = PBXGroup;
			children = (
				3B1C39682CDC3481004F7D1F /* Interpreter.swift */,
			);
			path = Interpreter;
			sourceTree = "<group>";
		};
		3B210C532CCC23DC00C621C2 /* Flyweight */ = {
			isa = PBXGroup;
			children = (
				3B210C542CCC23F200C621C2 /* Flyweight.swift */,
				3B210C562CCC29D800C621C2 /* TextFormatting.swift */,
			);
			path = Flyweight;
			sourceTree = "<group>";
		};
		3B3314F12C539D9400986EAA /* ObservableObject */ = {
			isa = PBXGroup;
			children = (
				3B3314F42C53CC0800986EAA /* OBViewController.swift */,
				3B3314F22C539DBE00986EAA /* OBViewObserver.swift */,
			);
			path = ObservableObject;
			sourceTree = "<group>";
		};
		3B44B5F92CBC55950067A2C2 /* Factory */ = {
			isa = PBXGroup;
			children = (
				3B44B5FE2CBC5B760067A2C2 /* AbstractFactory.swift */,
				3B44B5FA2CBC55B30067A2C2 /* InnerFactory.swift */,
			);
			path = Factory;
			sourceTree = "<group>";
		};
		3B5EBEC52CD58AF900064C1F /* Proxy */ = {
			isa = PBXGroup;
			children = (
				3B5EBEC82CD58E2700064C1F /* PropertyProxy.swift */,
				3B5EBEC62CD58B0100064C1F /* Proxy.swift */,
			);
			path = Proxy;
			sourceTree = "<group>";
		};
		3B64DDE22CB250F500E8D2D7 /* AsyncStream */ = {
			isa = PBXGroup;
			children = (
				3B64DDE72CB2625A00E8D2D7 /* AsyncStreamDataManager.swift */,
				3B64DDE32CB2511400E8D2D7 /* AsyncStreamView.swift */,
				3B64DDE52CB2512000E8D2D7 /* AsyncStreamViewModel.swift */,
			);
			path = AsyncStream;
			sourceTree = "<group>";
		};
		3B64DDE92CB2751D00E8D2D7 /* ObservableMacro */ = {
			isa = PBXGroup;
			children = (
				3B64DDEA2CB2753600E8D2D7 /* ObservableMacroView.swift */,
				3B64DDEC2CB2754300E8D2D7 /* ObservableMacroViewModel.swift */,
				3B64DDEE2CB27A2E00E8D2D7 /* TitleDatabase.swift */,
			);
			path = ObservableMacro;
			sourceTree = "<group>";
		};
		3B6537C42CE0767100409179 /* Memento */ = {
			isa = PBXGroup;
			children = (
				3B6537C52CE0767A00409179 /* Memento.swift */,
			);
			path = Memento;
			sourceTree = "<group>";
		};
		3B7550C12C995ABE008663E5 /* GlobalActor */ = {
			isa = PBXGroup;
			children = (
				3B7550C22C995ADB008663E5 /* GlobalActorView.swift */,
				3B7550C42C995B2A008663E5 /* GlobalActorViewModel.swift */,
				3B7550C82C996714008663E5 /* MyFirstGlobalActor.swift */,
				3B7550C62C995D6D008663E5 /* MyNewDataManager.swift */,
			);
			path = GlobalActor;
			sourceTree = "<group>";
		};
		3B7550E42C9C12B1008663E5 /* Sendable */ = {
			isa = PBXGroup;
			children = (
				3B7550E92C9C145F008663E5 /* CurrentUserManager.swift */,
				3B7550ED2C9C1B55008663E5 /* MyClassUserInfo.swift */,
				3B7550EB2C9C1A1B008663E5 /* MyUserInfo.swift */,
				3B7550E52C9C12C6008663E5 /* SendableView.swift */,
				3B7550E72C9C1421008663E5 /* SendableViewModel.swift */,
			);
			path = Sendable;
			sourceTree = "<group>";
		};
		3B7550EF2C9D063D008663E5 /* AsyncPublisher */ = {
			isa = PBXGroup;
			children = (
				3B7550F42C9D11D4008663E5 /* AsyncPublisherDataManager.swift */,
				3B7550F02C9D0654008663E5 /* AsyncPublisherView.swift */,
				3B7550F22C9D11C2008663E5 /* AsyncPublisherViewModel.swift */,
			);
			path = AsyncPublisher;
			sourceTree = "<group>";
		};
		3B7DAD662CB39C990016FED7 /* DesignPatterns */ = {
			isa = PBXGroup;
			children = (
				3BE83C492CC23B5900AB5CB7 /* Adapter */,
				3BCF6FB62CC329DB008FE153 /* Bridge */,
				3BB87F5C2CB9E2A000853E8E /* Builder */,
				3B06626A2CDAFB3100293A5C /* ChainOfResponsibility */,
				3B1C39642CDC2C04004F7D1F /* Command */,
				3B975D522CC5860400893EA2 /* Composite */,
				3B975D552CC7435700893EA2 /* Decorator */,
				3B12D9872CCA1060009BB8DE /* Façade */,
				3B44B5F92CBC55950067A2C2 /* Factory */,
				3B210C532CCC23DC00C621C2 /* Flyweight */,
				3B1C39672CDC3470004F7D1F /* Interpreter */,
				3BD0E4EB2CDE951A004819F2 /* Iterator */,
				3BD0E4F02CDEA951004819F2 /* Mediator */,
				3B6537C42CE0767100409179 /* Memento */,
				3B01B3B72CE2E36600BB95B9 /* NullObject */,
				3B01B3BA2CE2EC2500BB95B9 /* Observer */,
				3BD94EC92CBF1A4C0060B681 /* Prototype */,
				3B5EBEC52CD58AF900064C1F /* Proxy */,
				3BD94ECC2CC07E620060B681 /* Singleton */,
				3B7DAD6F2CB3A9850016FED7 /* SolidDesignPrinciples */,
			);
			path = DesignPatterns;
			sourceTree = "<group>";
		};
		3B7DAD6F2CB3A9850016FED7 /* SolidDesignPrinciples */ = {
			isa = PBXGroup;
			children = (
				3BE097152CB4B4AB006B2B6F /* DependencyInversionPrinciple.swift */,
				3BE097132CB4B075006B2B6F /* InterfaceSegregationPrinciple.swift */,
				3BE097112CB498F1006B2B6F /* LiskovSubstitutionPrinciple.swift */,
				3B7DAD702CB3A9A10016FED7 /* OpenClosedPrinciple.swift */,
				3B7DAD6C2CB3A6640016FED7 /* SingleResponsibilityPrinciple.swift */,
			);
			path = SolidDesignPrinciples;
			sourceTree = "<group>";
		};
		3B875F1A2C8CF9C100B355B5 /* StructClassActor */ = {
			isa = PBXGroup;
			children = (
				3B875F212C8D06CB00B355B5 /* CustomStruct.swift */,
				3B875F232C8D090E00B355B5 /* MutatingStruct.swift */,
				3B875F252C8D19D600B355B5 /* MyActor.swift */,
				3B875F1F2C8CFECA00B355B5 /* Myclass.swift */,
				3B875F1D2C8CFB1200B355B5 /* MyStruct.swift */,
				3B875F1B2C8CF9E200B355B5 /* StructClassActorView.swift */,
			);
			path = StructClassActor;
			sourceTree = "<group>";
		};
		3B8FA4FD2C789A0B00FE2E71 /* TaskGroup */ = {
			isa = PBXGroup;
			children = (
				3B8FA5022C789BCD00FE2E71 /* TaskGroupDataManager.swift */,
				3B8FA4FE2C789A2A00FE2E71 /* TaskGroupView.swift */,
				3B8FA5002C789ACB00FE2E71 /* TaskGroupViewModel.swift */,
			);
			path = TaskGroup;
			sourceTree = "<group>";
		};
		3B8FA5042C78B7E900FE2E71 /* Continuations */ = {
			isa = PBXGroup;
			children = (
				3B8FA5092C78BFD200FE2E71 /* ContinuationsNetworkManager.swift */,
				3B8FA5052C78B7FF00FE2E71 /* ContinuationsView.swift */,
				3B8FA5072C78B81000FE2E71 /* ContinuationsViewModel.swift */,
			);
			path = Continuations;
			sourceTree = "<group>";
		};
		3B9559EC2C6110F60028E9FE /* DoCatchTryThrows */ = {
			isa = PBXGroup;
			children = (
				3B9559F22C6113670028E9FE /* DoCatchTryThrowsDataManager.swift */,
				3B9559EE2C6111750028E9FE /* DoCatchTryThrowsView.swift */,
				3B9559F02C6111CC0028E9FE /* DoCatchTryThrowsViewModel.swift */,
			);
			path = DoCatchTryThrows;
			sourceTree = "<group>";
		};
		3B9559ED2C6111310028E9FE /* SwiftConcurrency */ = {
			isa = PBXGroup;
			children = (
				3BDC44D12C6358BA00D11760 /* ConcurrencyViewController.swift */,
				3BCC008B2C9556E20063D484 /* Actor */,
				3B0429462C651E88004CF65B /* AsyncAwait */,
				3BB99EC62C6DCA2500204E51 /* AsyncLet */,
				3B7550EF2C9D063D008663E5 /* AsyncPublisher */,
				3B64DDE22CB250F500E8D2D7 /* AsyncStream */,
				3B8FA5042C78B7E900FE2E71 /* Continuations */,
				3B9559EC2C6110F60028E9FE /* DoCatchTryThrows */,
				3BDC44D32C63600C00D11760 /* DownloadImagesWithAsync */,
				3B7550C12C995ABE008663E5 /* GlobalActor */,
				3BD539322CA7888B004CE28D /* MVVM */,
				3B64DDE92CB2751D00E8D2D7 /* ObservableMacro */,
				3B1B332C2CAFD6E200D35FD5 /* PhotosPicker */,
				3BD397602CABC86D00E7F27D /* Refreshable */,
				3B9764182CAE06AA007FE8BC /* Searchable */,
				3B7550E42C9C12B1008663E5 /* Sendable */,
				3BD5392A2CA77378004CE28D /* StrongWeakReferences */,
				3B875F1A2C8CF9C100B355B5 /* StructClassActor */,
				3B9AE41A2C6CDAFE00E0ABE1 /* Task */,
				3B8FA4FD2C789A0B00FE2E71 /* TaskGroup */,
			);
			path = SwiftConcurrency;
			sourceTree = "<group>";
		};
		3B975D522CC5860400893EA2 /* Composite */ = {
			isa = PBXGroup;
			children = (
				3B975D502CC585F900893EA2 /* Composite.swift */,
				3B975D532CC58AB000893EA2 /* NeuralNetworks.swift */,
			);
			path = Composite;
			sourceTree = "<group>";
		};
		3B975D552CC7435700893EA2 /* Decorator */ = {
			isa = PBXGroup;
			children = (
				3B975D5A2CC7750600893EA2 /* DynamicDecorator.swift */,
				3B975D582CC773C100893EA2 /* MultipleInheritanceDecorator.swift */,
				3B975D562CC7436000893EA2 /* SimplestDecorator.swift */,
				3B975D5C2CC7751500893EA2 /* StaticDecorator.swift */,
			);
			path = Decorator;
			sourceTree = "<group>";
		};
		3B9764182CAE06AA007FE8BC /* Searchable */ = {
			isa = PBXGroup;
			children = (
				3B97641D2CAE079D007FE8BC /* RestaurantManager.swift */,
				3B9764192CAE0780007FE8BC /* SearchableView.swift */,
				3B97641B2CAE078B007FE8BC /* SearchableViewModel.swift */,
				3B97641F2CAE1AEE007FE8BC /* SearchChildView.swift */,
			);
			path = Searchable;
			sourceTree = "<group>";
		};
		3B9AE41A2C6CDAFE00E0ABE1 /* Task */ = {
			isa = PBXGroup;
			children = (
				3B9AE41B2C6CDB2F00E0ABE1 /* TaskView.swift */,
				3B9AE41D2C6CDB3C00E0ABE1 /* TaskViewModel.swift */,
			);
			path = Task;
			sourceTree = "<group>";
		};
		3BB87F5C2CB9E2A000853E8E /* Builder */ = {
			isa = PBXGroup;
			children = (
				3BB87F5D2CBA0CAA00853E8E /* Builder.swift */,
				3BB87F5F2CBA0FFE00853E8E /* FacetedBuilder.swift */,
			);
			path = Builder;
			sourceTree = "<group>";
		};
		3BB99EC62C6DCA2500204E51 /* AsyncLet */ = {
			isa = PBXGroup;
			children = (
				3BB99EC72C6DCA4000204E51 /* AsyncLetView.swift */,
				3BB99EC92C6DCA4E00204E51 /* AsyncLetViewModel.swift */,
			);
			path = AsyncLet;
			sourceTree = "<group>";
		};
		3BCC008B2C9556E20063D484 /* Actor */ = {
			isa = PBXGroup;
			children = (
				3BCC008C2C9556F60063D484 /* ActorView.swift */,
				3BCC008E2C955B810063D484 /* HomeView.swift */,
				3BCC00902C955BD40063D484 /* BrowseView.swift */,
				3BCC00922C955D5D0063D484 /* MyDataManager.swift */,
				3BCC00942C9565B30063D484 /* MyActorDataManager.swift */,
			);
			path = Actor;
			sourceTree = "<group>";
		};
		3BCF6FB62CC329DB008FE153 /* Bridge */ = {
			isa = PBXGroup;
			children = (
				3BCF6FB72CC329EE008FE153 /* Bridge.swift */,
			);
			path = Bridge;
			sourceTree = "<group>";
		};
		3BD0E4EB2CDE951A004819F2 /* Iterator */ = {
			isa = PBXGroup;
			children = (
				3BD0E4EE2CDE9C63004819F2 /* ArrayBackedProperties.swift */,
				3BD0E4EC2CDE952D004819F2 /* Iterator.swift */,
			);
			path = Iterator;
			sourceTree = "<group>";
		};
		3BD0E4F02CDEA951004819F2 /* Mediator */ = {
			isa = PBXGroup;
			children = (
				3BD0E4F12CDEA967004819F2 /* Mediator.swift */,
			);
			path = Mediator;
			sourceTree = "<group>";
		};
		3BD397602CABC86D00E7F27D /* Refreshable */ = {
			isa = PBXGroup;
			children = (
				3BD397652CABC92500E7F27D /* RefreshableDataService.swift */,
				3BD397612CABC87D00E7F27D /* RefreshableView.swift */,
				3BD397632CABC88F00E7F27D /* RefreshableViewModel.swift */,
			);
			path = Refreshable;
			sourceTree = "<group>";
		};
		3BD5392A2CA77378004CE28D /* StrongWeakReferences */ = {
			isa = PBXGroup;
			children = (
				3BD539302CA77734004CE28D /* StrongWeakReferencesDataService.swift */,
				3BD5392C2CA7745B004CE28D /* StrongWeakReferencesView.swift */,
				3BD5392E2CA776B4004CE28D /* StrongWeakReferencesViewModel.swift */,
			);
			path = StrongWeakReferences;
			sourceTree = "<group>";
		};
		3BD539322CA7888B004CE28D /* MVVM */ = {
			isa = PBXGroup;
			children = (
				3BD539332CA7889D004CE28D /* MVVMView.swift */,
				3BD539352CA788A6004CE28D /* MVVMViewModel.swift */,
				3BD539392CA7895E004CE28D /* MyManagerActor.swift */,
				3BD539372CA78951004CE28D /* MyManagerClass.swift */,
			);
			path = MVVM;
			sourceTree = "<group>";
		};
		3BD6C47C2C50F0150070279B = {
			isa = PBXGroup;
			children = (
				3BD6C4872C50F0150070279B /* iOSDevPractice */,
				3BD6C4862C50F0150070279B /* Products */,
			);
			sourceTree = "<group>";
		};
		3BD6C4862C50F0150070279B /* Products */ = {
			isa = PBXGroup;
			children = (
				3BD6C4852C50F0150070279B /* iOSDevPractice.app */,
				3BD94ED52CC089130060B681 /* iOSDevPracticeTests.xctest */,
			);
			name = Products;
			sourceTree = "<group>";
		};
		3BD6C4872C50F0150070279B /* iOSDevPractice */ = {
			isa = PBXGroup;
			children = (
				3BD6C4912C50F0160070279B /* Assets.xcassets */,
				3BD6C4962C50F0160070279B /* Info.plist */,
				3BD6C4882C50F0150070279B /* AppDelegate.swift */,
				3BD6C48A2C50F0150070279B /* SceneDelegate.swift */,
				3BDC44CF2C63535F00D11760 /* MainViewController.swift */,
				3B7DAD662CB39C990016FED7 /* DesignPatterns */,
				3B3314F12C539D9400986EAA /* ObservableObject */,
				3B9559ED2C6111310028E9FE /* SwiftConcurrency */,
			);
			path = iOSDevPractice;
			sourceTree = "<group>";
		};
		3BD94EC92CBF1A4C0060B681 /* Prototype */ = {
			isa = PBXGroup;
			children = (
				3BD94ECA2CBF3A4F0060B681 /* Prototype.swift */,
			);
			path = Prototype;
			sourceTree = "<group>";
		};
		3BD94ECC2CC07E620060B681 /* Singleton */ = {
			isa = PBXGroup;
			children = (
				3BD94ECF2CC083180060B681 /* capitals.txt */,
				3BD94EE32CC0916D0060B681 /* Monostate.swift */,
				3BD94ECD2CC07E710060B681 /* Singleton.swift */,
			);
			path = Singleton;
			sourceTree = "<group>";
		};
		3BDC44D32C63600C00D11760 /* DownloadImagesWithAsync */ = {
			isa = PBXGroup;
			children = (
				3BDC44D82C63622D00D11760 /* DownloadImageAsyncImageLoader.swift */,
				3BDC44D42C63603E00D11760 /* DownloadImagesWithAsyncView.swift */,
				3BDC44D62C6360FD00D11760 /* DownloadImagesWithAsyncViewModel.swift */,
			);
			path = DownloadImagesWithAsync;
			sourceTree = "<group>";
		};
		3BE83C492CC23B5900AB5CB7 /* Adapter */ = {
			isa = PBXGroup;
			children = (
				3BE83C4A2CC23B6300AB5CB7 /* Adapter.swift */,
			);
			path = Adapter;
			sourceTree = "<group>";
		};
/* End PBXGroup section */

/* Begin PBXNativeTarget section */
		3BD6C4842C50F0150070279B /* iOSDevPractice */ = {
			isa = PBXNativeTarget;
			buildConfigurationList = 3BD6C4992C50F0160070279B /* Build configuration list for PBXNativeTarget "iOSDevPractice" */;
			buildPhases = (
				3BD6C4812C50F0150070279B /* Sources */,
				3BD6C4822C50F0150070279B /* Frameworks */,
				3BD6C4832C50F0150070279B /* Resources */,
			);
			buildRules = (
			);
			dependencies = (
			);
			name = iOSDevPractice;
			productName = iOSDevPractice;
			productReference = 3BD6C4852C50F0150070279B /* iOSDevPractice.app */;
			productType = "com.apple.product-type.application";
		};
		3BD94ED42CC089130060B681 /* iOSDevPracticeTests */ = {
			isa = PBXNativeTarget;
			buildConfigurationList = 3BD94EDB2CC089130060B681 /* Build configuration list for PBXNativeTarget "iOSDevPracticeTests" */;
			buildPhases = (
				3BD94ED12CC089130060B681 /* Sources */,
				3BD94ED22CC089130060B681 /* Frameworks */,
				3BD94ED32CC089130060B681 /* Resources */,
			);
			buildRules = (
			);
			dependencies = (
				3BD94EDA2CC089130060B681 /* PBXTargetDependency */,
			);
			name = iOSDevPracticeTests;
			packageProductDependencies = (
			);
			productName = iOSDevPracticeTests;
			productReference = 3BD94ED52CC089130060B681 /* iOSDevPracticeTests.xctest */;
			productType = "com.apple.product-type.bundle.unit-test";
		};
/* End PBXNativeTarget section */

/* Begin PBXProject section */
		3BD6C47D2C50F0150070279B /* Project object */ = {
			isa = PBXProject;
			attributes = {
				BuildIndependentTargetsInParallel = 1;
				LastSwiftUpdateCheck = 1600;
				LastUpgradeCheck = 1530;
				TargetAttributes = {
					3BD6C4842C50F0150070279B = {
						CreatedOnToolsVersion = 15.3;
					};
					3BD94ED42CC089130060B681 = {
						CreatedOnToolsVersion = 16.0;
						TestTargetID = 3BD6C4842C50F0150070279B;
					};
				};
			};
			buildConfigurationList = 3BD6C4802C50F0150070279B /* Build configuration list for PBXProject "iOSDevPractice" */;
			compatibilityVersion = "Xcode 14.0";
			developmentRegion = en;
			hasScannedForEncodings = 0;
			knownRegions = (
				en,
				Base,
			);
			mainGroup = 3BD6C47C2C50F0150070279B;
			productRefGroup = 3BD6C4862C50F0150070279B /* Products */;
			projectDirPath = "";
			projectRoot = "";
			targets = (
				3BD6C4842C50F0150070279B /* iOSDevPractice */,
				3BD94ED42CC089130060B681 /* iOSDevPracticeTests */,
			);
		};
/* End PBXProject section */

/* Begin PBXResourcesBuildPhase section */
		3BD6C4832C50F0150070279B /* Resources */ = {
			isa = PBXResourcesBuildPhase;
			buildActionMask = 2147483647;
			files = (
				3BD6C4922C50F0160070279B /* Assets.xcassets in Resources */,
				3BD94ED02CC083210060B681 /* capitals.txt in Resources */,
				3B01B3BE2CE2FF3F00BB95B9 /* Property.swift in Resources */,
			);
			runOnlyForDeploymentPostprocessing = 0;
		};
		3BD94ED32CC089130060B681 /* Resources */ = {
			isa = PBXResourcesBuildPhase;
			buildActionMask = 2147483647;
			files = (
			);
			runOnlyForDeploymentPostprocessing = 0;
		};
/* End PBXResourcesBuildPhase section */

/* Begin PBXSourcesBuildPhase section */
		3BD6C4812C50F0150070279B /* Sources */ = {
			isa = PBXSourcesBuildPhase;
			buildActionMask = 2147483647;
			files = (
				3B44B5FF2CBC5B810067A2C2 /* AbstractFactory.swift in Sources */,
				3B975D5B2CC7750B00893EA2 /* DynamicDecorator.swift in Sources */,
				3B875F1E2C8CFB1200B355B5 /* MyStruct.swift in Sources */,
				3BD5392F2CA776B4004CE28D /* StrongWeakReferencesViewModel.swift in Sources */,
				3B975D5D2CC7751A00893EA2 /* StaticDecorator.swift in Sources */,
				3B9559EF2C6111750028E9FE /* DoCatchTryThrowsView.swift in Sources */,
				3BD0E4ED2CDE9532004819F2 /* Iterator.swift in Sources */,
				3B1B33302CAFD70600D35FD5 /* PhotosPickerViewModel.swift in Sources */,
				3B64DDEF2CB27A2E00E8D2D7 /* TitleDatabase.swift in Sources */,
				3B7550F12C9D0654008663E5 /* AsyncPublisherView.swift in Sources */,
				3B97641A2CAE0780007FE8BC /* SearchableView.swift in Sources */,
				3BE097142CB4B075006B2B6F /* InterfaceSegregationPrinciple.swift in Sources */,
				3B210C572CCC29E000C621C2 /* TextFormatting.swift in Sources */,
				3B06626C2CDAFB4A00293A5C /* MethodChain.swift in Sources */,
				3B04294A2C651EB7004CF65B /* AsyncAwaitViewModel.swift in Sources */,
				3B7DAD712CB3A9A10016FED7 /* OpenClosedPrinciple.swift in Sources */,
				3B7550F32C9D11C2008663E5 /* AsyncPublisherViewModel.swift in Sources */,
				3B7550EE2C9C1B55008663E5 /* MyClassUserInfo.swift in Sources */,
				3B975D512CC5860000893EA2 /* Composite.swift in Sources */,
				3BD94ECE2CC07E750060B681 /* Singleton.swift in Sources */,
				3B3314F32C539DBE00986EAA /* OBViewObserver.swift in Sources */,
				3B44B5FB2CBC55B60067A2C2 /* InnerFactory.swift in Sources */,
				3BB99ECA2C6DCA4E00204E51 /* AsyncLetViewModel.swift in Sources */,
				3B875F242C8D090E00B355B5 /* MutatingStruct.swift in Sources */,
				3B7DAD6E2CB3A6640016FED7 /* SingleResponsibilityPrinciple.swift in Sources */,
				3B7550E62C9C12C6008663E5 /* SendableView.swift in Sources */,
				3B8FA5032C789BCD00FE2E71 /* TaskGroupDataManager.swift in Sources */,
				3BD539382CA78951004CE28D /* MyManagerClass.swift in Sources */,
				3BCC00912C955BD40063D484 /* BrowseView.swift in Sources */,
				3B64DDE82CB2625A00E8D2D7 /* AsyncStreamDataManager.swift in Sources */,
				3B875F262C8D19D600B355B5 /* MyActor.swift in Sources */,
				3BCF6FB82CC329F1008FE153 /* Bridge.swift in Sources */,
				3BD5393A2CA7895E004CE28D /* MyManagerActor.swift in Sources */,
				3B9AE41C2C6CDB2F00E0ABE1 /* TaskView.swift in Sources */,
				3BE83C4B2CC23B6500AB5CB7 /* Adapter.swift in Sources */,
				3BCC008D2C9556F60063D484 /* ActorView.swift in Sources */,
				3B5EBEC72CD58B0300064C1F /* Proxy.swift in Sources */,
				3B9559F12C6111CC0028E9FE /* DoCatchTryThrowsViewModel.swift in Sources */,
				3B7550C72C995D6D008663E5 /* MyNewDataManager.swift in Sources */,
				3B64DDE62CB2512000E8D2D7 /* AsyncStreamViewModel.swift in Sources */,
				3BD6C4892C50F0150070279B /* AppDelegate.swift in Sources */,
				3B7550C52C995B2A008663E5 /* GlobalActorViewModel.swift in Sources */,
				3B7550E82C9C1421008663E5 /* SendableViewModel.swift in Sources */,
				3B01B3B92CE2E37C00BB95B9 /* NullObject.swift in Sources */,
				3B7550EC2C9C1A1B008663E5 /* MyUserInfo.swift in Sources */,
				3BD0E4EF2CDE9C70004819F2 /* ArrayBackedProperties.swift in Sources */,
				3B0429482C651E9C004CF65B /* AsyncAwaitView.swift in Sources */,
				3B97641C2CAE078B007FE8BC /* SearchableViewModel.swift in Sources */,
				3BCC008F2C955B810063D484 /* HomeView.swift in Sources */,
				3B975D572CC7436500893EA2 /* SimplestDecorator.swift in Sources */,
				3B875F1C2C8CF9E200B355B5 /* StructClassActorView.swift in Sources */,
				3B9559F32C6113670028E9FE /* DoCatchTryThrowsDataManager.swift in Sources */,
				3BD397642CABC88F00E7F27D /* RefreshableViewModel.swift in Sources */,
				3BE097122CB498F1006B2B6F /* LiskovSubstitutionPrinciple.swift in Sources */,
				3BD94ECB2CBF3A540060B681 /* Prototype.swift in Sources */,
				3B9AE41E2C6CDB3C00E0ABE1 /* TaskViewModel.swift in Sources */,
				3BDC44D92C63622D00D11760 /* DownloadImageAsyncImageLoader.swift in Sources */,
				3B8FA5082C78B81000FE2E71 /* ContinuationsViewModel.swift in Sources */,
				3B8FA5012C789ACB00FE2E71 /* TaskGroupViewModel.swift in Sources */,
				3B06626E2CDAFDC200293A5C /* BrockerChain.swift in Sources */,
				3BCC00932C955D5D0063D484 /* MyDataManager.swift in Sources */,
				3BD6C48B2C50F0150070279B /* SceneDelegate.swift in Sources */,
				3B5EBEC92CD58E2D00064C1F /* PropertyProxy.swift in Sources */,
				3BCC00952C9565B30063D484 /* MyActorDataManager.swift in Sources */,
				3B6537C62CE0767C00409179 /* Memento.swift in Sources */,
				3B01B3BC2CE2EC6200BB95B9 /* Events.swift in Sources */,
				3B9764202CAE1AEE007FE8BC /* SearchChildView.swift in Sources */,
				3B64DDEB2CB2753600E8D2D7 /* ObservableMacroView.swift in Sources */,
				3B875F222C8D06CB00B355B5 /* CustomStruct.swift in Sources */,
				3BD539312CA77734004CE28D /* StrongWeakReferencesDataService.swift in Sources */,
				3B3314F52C53CC0800986EAA /* OBViewController.swift in Sources */,
				3B7550F52C9D11D4008663E5 /* AsyncPublisherDataManager.swift in Sources */,
				3BD94EE42CC0916F0060B681 /* Monostate.swift in Sources */,
				3BD0E4F22CDEA969004819F2 /* Mediator.swift in Sources */,
				3B7550EA2C9C145F008663E5 /* CurrentUserManager.swift in Sources */,
				3BB99EC82C6DCA4000204E51 /* AsyncLetView.swift in Sources */,
				3B875F202C8CFECA00B355B5 /* Myclass.swift in Sources */,
				3B12D9892CCA1078009BB8DE /* Façade.swift in Sources */,
				3B975D592CC773CA00893EA2 /* MultipleInheritanceDecorator.swift in Sources */,
				3BD539362CA788A6004CE28D /* MVVMViewModel.swift in Sources */,
				3B97641E2CAE079D007FE8BC /* RestaurantManager.swift in Sources */,
				3B64DDED2CB2754300E8D2D7 /* ObservableMacroViewModel.swift in Sources */,
				3BD397662CABC92500E7F27D /* RefreshableDataService.swift in Sources */,
				3BB87F5E2CBA0CAA00853E8E /* Builder.swift in Sources */,
				3B975D542CC58ABB00893EA2 /* NeuralNetworks.swift in Sources */,
				3B1B332E2CAFD6FB00D35FD5 /* PhotosPickerView.swift in Sources */,
				3BDC44D22C6358BA00D11760 /* ConcurrencyViewController.swift in Sources */,
				3BB87F602CBA0FFE00853E8E /* FacetedBuilder.swift in Sources */,
				3B8FA4FF2C789A2A00FE2E71 /* TaskGroupView.swift in Sources */,
				3B64DDE42CB2511400E8D2D7 /* AsyncStreamView.swift in Sources */,
				3B7550C92C996714008663E5 /* MyFirstGlobalActor.swift in Sources */,
				3B7550C32C995ADB008663E5 /* GlobalActorView.swift in Sources */,
				3BDC44D02C63535F00D11760 /* MainViewController.swift in Sources */,
				3BD397622CABC87D00E7F27D /* RefreshableView.swift in Sources */,
				3BD539342CA7889D004CE28D /* MVVMView.swift in Sources */,
				3B8FA5062C78B7FF00FE2E71 /* ContinuationsView.swift in Sources */,
				3B1C39692CDC3484004F7D1F /* Interpreter.swift in Sources */,
				3BD5392D2CA7745B004CE28D /* StrongWeakReferencesView.swift in Sources */,
				3B8FA50A2C78BFD200FE2E71 /* ContinuationsNetworkManager.swift in Sources */,
				3B210C552CCC23F700C621C2 /* Flyweight.swift in Sources */,
				3BDC44D52C63603E00D11760 /* DownloadImagesWithAsyncView.swift in Sources */,
				3B1C39662CDC2C1A004F7D1F /* Command.swift in Sources */,
				3BDC44D72C6360FD00D11760 /* DownloadImagesWithAsyncViewModel.swift in Sources */,
				3BE097162CB4B4AB006B2B6F /* DependencyInversionPrinciple.swift in Sources */,
			);
			runOnlyForDeploymentPostprocessing = 0;
		};
		3BD94ED12CC089130060B681 /* Sources */ = {
			isa = PBXSourcesBuildPhase;
			buildActionMask = 2147483647;
			files = (
			);
			runOnlyForDeploymentPostprocessing = 0;
		};
/* End PBXSourcesBuildPhase section */

/* Begin PBXTargetDependency section */
		3BD94EDA2CC089130060B681 /* PBXTargetDependency */ = {
			isa = PBXTargetDependency;
			target = 3BD6C4842C50F0150070279B /* iOSDevPractice */;
			targetProxy = 3BD94ED92CC089130060B681 /* PBXContainerItemProxy */;
		};
/* End PBXTargetDependency section */

/* Begin XCBuildConfiguration section */
		3BD6C4972C50F0160070279B /* Debug */ = {
			isa = XCBuildConfiguration;
			buildSettings = {
				ALWAYS_SEARCH_USER_PATHS = NO;
				ASSETCATALOG_COMPILER_GENERATE_SWIFT_ASSET_SYMBOL_EXTENSIONS = YES;
				CLANG_ANALYZER_NONNULL = YES;
				CLANG_ANALYZER_NUMBER_OBJECT_CONVERSION = YES_AGGRESSIVE;
				CLANG_CXX_LANGUAGE_STANDARD = "gnu++20";
				CLANG_ENABLE_MODULES = YES;
				CLANG_ENABLE_OBJC_ARC = YES;
				CLANG_ENABLE_OBJC_WEAK = YES;
				CLANG_WARN_BLOCK_CAPTURE_AUTORELEASING = YES;
				CLANG_WARN_BOOL_CONVERSION = YES;
				CLANG_WARN_COMMA = YES;
				CLANG_WARN_CONSTANT_CONVERSION = YES;
				CLANG_WARN_DEPRECATED_OBJC_IMPLEMENTATIONS = YES;
				CLANG_WARN_DIRECT_OBJC_ISA_USAGE = YES_ERROR;
				CLANG_WARN_DOCUMENTATION_COMMENTS = YES;
				CLANG_WARN_EMPTY_BODY = YES;
				CLANG_WARN_ENUM_CONVERSION = YES;
				CLANG_WARN_INFINITE_RECURSION = YES;
				CLANG_WARN_INT_CONVERSION = YES;
				CLANG_WARN_NON_LITERAL_NULL_CONVERSION = YES;
				CLANG_WARN_OBJC_IMPLICIT_RETAIN_SELF = YES;
				CLANG_WARN_OBJC_LITERAL_CONVERSION = YES;
				CLANG_WARN_OBJC_ROOT_CLASS = YES_ERROR;
				CLANG_WARN_QUOTED_INCLUDE_IN_FRAMEWORK_HEADER = YES;
				CLANG_WARN_RANGE_LOOP_ANALYSIS = YES;
				CLANG_WARN_STRICT_PROTOTYPES = YES;
				CLANG_WARN_SUSPICIOUS_MOVE = YES;
				CLANG_WARN_UNGUARDED_AVAILABILITY = YES_AGGRESSIVE;
				CLANG_WARN_UNREACHABLE_CODE = YES;
				CLANG_WARN__DUPLICATE_METHOD_MATCH = YES;
				COPY_PHASE_STRIP = NO;
				DEBUG_INFORMATION_FORMAT = dwarf;
				ENABLE_STRICT_OBJC_MSGSEND = YES;
				ENABLE_TESTABILITY = YES;
				ENABLE_USER_SCRIPT_SANDBOXING = YES;
				GCC_C_LANGUAGE_STANDARD = gnu17;
				GCC_DYNAMIC_NO_PIC = NO;
				GCC_NO_COMMON_BLOCKS = YES;
				GCC_OPTIMIZATION_LEVEL = 0;
				GCC_PREPROCESSOR_DEFINITIONS = (
					"DEBUG=1",
					"$(inherited)",
				);
				GCC_WARN_64_TO_32_BIT_CONVERSION = YES;
				GCC_WARN_ABOUT_RETURN_TYPE = YES_ERROR;
				GCC_WARN_UNDECLARED_SELECTOR = YES;
				GCC_WARN_UNINITIALIZED_AUTOS = YES_AGGRESSIVE;
				GCC_WARN_UNUSED_FUNCTION = YES;
				GCC_WARN_UNUSED_VARIABLE = YES;
				IPHONEOS_DEPLOYMENT_TARGET = 17.4;
				LOCALIZATION_PREFERS_STRING_CATALOGS = YES;
				MTL_ENABLE_DEBUG_INFO = INCLUDE_SOURCE;
				MTL_FAST_MATH = YES;
				ONLY_ACTIVE_ARCH = YES;
				SDKROOT = iphoneos;
				SWIFT_ACTIVE_COMPILATION_CONDITIONS = "DEBUG $(inherited)";
				SWIFT_OPTIMIZATION_LEVEL = "-Onone";
			};
			name = Debug;
		};
		3BD6C4982C50F0160070279B /* Release */ = {
			isa = XCBuildConfiguration;
			buildSettings = {
				ALWAYS_SEARCH_USER_PATHS = NO;
				ASSETCATALOG_COMPILER_GENERATE_SWIFT_ASSET_SYMBOL_EXTENSIONS = YES;
				CLANG_ANALYZER_NONNULL = YES;
				CLANG_ANALYZER_NUMBER_OBJECT_CONVERSION = YES_AGGRESSIVE;
				CLANG_CXX_LANGUAGE_STANDARD = "gnu++20";
				CLANG_ENABLE_MODULES = YES;
				CLANG_ENABLE_OBJC_ARC = YES;
				CLANG_ENABLE_OBJC_WEAK = YES;
				CLANG_WARN_BLOCK_CAPTURE_AUTORELEASING = YES;
				CLANG_WARN_BOOL_CONVERSION = YES;
				CLANG_WARN_COMMA = YES;
				CLANG_WARN_CONSTANT_CONVERSION = YES;
				CLANG_WARN_DEPRECATED_OBJC_IMPLEMENTATIONS = YES;
				CLANG_WARN_DIRECT_OBJC_ISA_USAGE = YES_ERROR;
				CLANG_WARN_DOCUMENTATION_COMMENTS = YES;
				CLANG_WARN_EMPTY_BODY = YES;
				CLANG_WARN_ENUM_CONVERSION = YES;
				CLANG_WARN_INFINITE_RECURSION = YES;
				CLANG_WARN_INT_CONVERSION = YES;
				CLANG_WARN_NON_LITERAL_NULL_CONVERSION = YES;
				CLANG_WARN_OBJC_IMPLICIT_RETAIN_SELF = YES;
				CLANG_WARN_OBJC_LITERAL_CONVERSION = YES;
				CLANG_WARN_OBJC_ROOT_CLASS = YES_ERROR;
				CLANG_WARN_QUOTED_INCLUDE_IN_FRAMEWORK_HEADER = YES;
				CLANG_WARN_RANGE_LOOP_ANALYSIS = YES;
				CLANG_WARN_STRICT_PROTOTYPES = YES;
				CLANG_WARN_SUSPICIOUS_MOVE = YES;
				CLANG_WARN_UNGUARDED_AVAILABILITY = YES_AGGRESSIVE;
				CLANG_WARN_UNREACHABLE_CODE = YES;
				CLANG_WARN__DUPLICATE_METHOD_MATCH = YES;
				COPY_PHASE_STRIP = NO;
				DEBUG_INFORMATION_FORMAT = "dwarf-with-dsym";
				ENABLE_NS_ASSERTIONS = NO;
				ENABLE_STRICT_OBJC_MSGSEND = YES;
				ENABLE_USER_SCRIPT_SANDBOXING = YES;
				GCC_C_LANGUAGE_STANDARD = gnu17;
				GCC_NO_COMMON_BLOCKS = YES;
				GCC_WARN_64_TO_32_BIT_CONVERSION = YES;
				GCC_WARN_ABOUT_RETURN_TYPE = YES_ERROR;
				GCC_WARN_UNDECLARED_SELECTOR = YES;
				GCC_WARN_UNINITIALIZED_AUTOS = YES_AGGRESSIVE;
				GCC_WARN_UNUSED_FUNCTION = YES;
				GCC_WARN_UNUSED_VARIABLE = YES;
				IPHONEOS_DEPLOYMENT_TARGET = 17.4;
				LOCALIZATION_PREFERS_STRING_CATALOGS = YES;
				MTL_ENABLE_DEBUG_INFO = NO;
				MTL_FAST_MATH = YES;
				SDKROOT = iphoneos;
				SWIFT_COMPILATION_MODE = wholemodule;
				VALIDATE_PRODUCT = YES;
			};
			name = Release;
		};
		3BD6C49A2C50F0160070279B /* Debug */ = {
			isa = XCBuildConfiguration;
			buildSettings = {
				ASSETCATALOG_COMPILER_APPICON_NAME = AppIcon;
				ASSETCATALOG_COMPILER_GLOBAL_ACCENT_COLOR_NAME = AccentColor;
				CODE_SIGN_STYLE = Automatic;
				CURRENT_PROJECT_VERSION = 1;
				DEVELOPMENT_TEAM = QQF7T7HSA4;
				GENERATE_INFOPLIST_FILE = YES;
				INFOPLIST_FILE = iOSDevPractice/Info.plist;
				INFOPLIST_KEY_UIApplicationSupportsIndirectInputEvents = YES;
				INFOPLIST_KEY_UILaunchStoryboardName = LaunchScreen;
				INFOPLIST_KEY_UISupportedInterfaceOrientations_iPad = "UIInterfaceOrientationPortrait UIInterfaceOrientationPortraitUpsideDown UIInterfaceOrientationLandscapeLeft UIInterfaceOrientationLandscapeRight";
				INFOPLIST_KEY_UISupportedInterfaceOrientations_iPhone = "UIInterfaceOrientationPortrait UIInterfaceOrientationLandscapeLeft UIInterfaceOrientationLandscapeRight";
				LD_RUNPATH_SEARCH_PATHS = (
					"$(inherited)",
					"@executable_path/Frameworks",
				);
				MARKETING_VERSION = 1.0;
				PRODUCT_BUNDLE_IDENTIFIER = "com.taka-s.iOSDevPractice";
				PRODUCT_NAME = "$(TARGET_NAME)";
				SWIFT_EMIT_LOC_STRINGS = YES;
				SWIFT_VERSION = 5.0;
				TARGETED_DEVICE_FAMILY = "1,2";
			};
			name = Debug;
		};
		3BD6C49B2C50F0160070279B /* Release */ = {
			isa = XCBuildConfiguration;
			buildSettings = {
				ASSETCATALOG_COMPILER_APPICON_NAME = AppIcon;
				ASSETCATALOG_COMPILER_GLOBAL_ACCENT_COLOR_NAME = AccentColor;
				CODE_SIGN_STYLE = Automatic;
				CURRENT_PROJECT_VERSION = 1;
				DEVELOPMENT_TEAM = QQF7T7HSA4;
				GENERATE_INFOPLIST_FILE = YES;
				INFOPLIST_FILE = iOSDevPractice/Info.plist;
				INFOPLIST_KEY_UIApplicationSupportsIndirectInputEvents = YES;
				INFOPLIST_KEY_UILaunchStoryboardName = LaunchScreen;
				INFOPLIST_KEY_UISupportedInterfaceOrientations_iPad = "UIInterfaceOrientationPortrait UIInterfaceOrientationPortraitUpsideDown UIInterfaceOrientationLandscapeLeft UIInterfaceOrientationLandscapeRight";
				INFOPLIST_KEY_UISupportedInterfaceOrientations_iPhone = "UIInterfaceOrientationPortrait UIInterfaceOrientationLandscapeLeft UIInterfaceOrientationLandscapeRight";
				LD_RUNPATH_SEARCH_PATHS = (
					"$(inherited)",
					"@executable_path/Frameworks",
				);
				MARKETING_VERSION = 1.0;
				PRODUCT_BUNDLE_IDENTIFIER = "com.taka-s.iOSDevPractice";
				PRODUCT_NAME = "$(TARGET_NAME)";
				SWIFT_EMIT_LOC_STRINGS = YES;
				SWIFT_VERSION = 5.0;
				TARGETED_DEVICE_FAMILY = "1,2";
			};
			name = Release;
		};
		3BD94EDC2CC089130060B681 /* Debug */ = {
			isa = XCBuildConfiguration;
			buildSettings = {
				BUNDLE_LOADER = "$(TEST_HOST)";
				CODE_SIGN_STYLE = Automatic;
				CURRENT_PROJECT_VERSION = 1;
				DEVELOPMENT_TEAM = QQF7T7HSA4;
				GENERATE_INFOPLIST_FILE = YES;
				IPHONEOS_DEPLOYMENT_TARGET = 18.0;
				MARKETING_VERSION = 1.0;
				PRODUCT_BUNDLE_IDENTIFIER = "com.taka-s.iOSDevPracticeTests";
				PRODUCT_NAME = "$(TARGET_NAME)";
				SWIFT_EMIT_LOC_STRINGS = NO;
				SWIFT_VERSION = 5.0;
				TARGETED_DEVICE_FAMILY = "1,2";
				TEST_HOST = "$(BUILT_PRODUCTS_DIR)/iOSDevPractice.app/$(BUNDLE_EXECUTABLE_FOLDER_PATH)/iOSDevPractice";
			};
			name = Debug;
		};
		3BD94EDD2CC089130060B681 /* Release */ = {
			isa = XCBuildConfiguration;
			buildSettings = {
				BUNDLE_LOADER = "$(TEST_HOST)";
				CODE_SIGN_STYLE = Automatic;
				CURRENT_PROJECT_VERSION = 1;
				DEVELOPMENT_TEAM = QQF7T7HSA4;
				GENERATE_INFOPLIST_FILE = YES;
				IPHONEOS_DEPLOYMENT_TARGET = 18.0;
				MARKETING_VERSION = 1.0;
				PRODUCT_BUNDLE_IDENTIFIER = "com.taka-s.iOSDevPracticeTests";
				PRODUCT_NAME = "$(TARGET_NAME)";
				SWIFT_EMIT_LOC_STRINGS = NO;
				SWIFT_VERSION = 5.0;
				TARGETED_DEVICE_FAMILY = "1,2";
				TEST_HOST = "$(BUILT_PRODUCTS_DIR)/iOSDevPractice.app/$(BUNDLE_EXECUTABLE_FOLDER_PATH)/iOSDevPractice";
			};
			name = Release;
		};
/* End XCBuildConfiguration section */

/* Begin XCConfigurationList section */
		3BD6C4802C50F0150070279B /* Build configuration list for PBXProject "iOSDevPractice" */ = {
			isa = XCConfigurationList;
			buildConfigurations = (
				3BD6C4972C50F0160070279B /* Debug */,
				3BD6C4982C50F0160070279B /* Release */,
			);
			defaultConfigurationIsVisible = 0;
			defaultConfigurationName = Release;
		};
		3BD6C4992C50F0160070279B /* Build configuration list for PBXNativeTarget "iOSDevPractice" */ = {
			isa = XCConfigurationList;
			buildConfigurations = (
				3BD6C49A2C50F0160070279B /* Debug */,
				3BD6C49B2C50F0160070279B /* Release */,
			);
			defaultConfigurationIsVisible = 0;
			defaultConfigurationName = Release;
		};
		3BD94EDB2CC089130060B681 /* Build configuration list for PBXNativeTarget "iOSDevPracticeTests" */ = {
			isa = XCConfigurationList;
			buildConfigurations = (
				3BD94EDC2CC089130060B681 /* Debug */,
				3BD94EDD2CC089130060B681 /* Release */,
			);
			defaultConfigurationIsVisible = 0;
			defaultConfigurationName = Release;
		};
/* End XCConfigurationList section */
	};
	rootObject = 3BD6C47D2C50F0150070279B /* Project object */;
}
