// !$*UTF8*$!
{
	archiveVersion = 1;
	classes = {
	};
	objectVersion = 56;
	objects = {

/* Begin PBXBuildFile section */
		3B0429482C651E9C004CF65B /* AsyncAwaitView.swift in Sources */ = {isa = PBXBuildFile; fileRef = 3B0429472C651E9C004CF65B /* AsyncAwaitView.swift */; };
		3B04294A2C651EB7004CF65B /* AsyncAwaitViewModel.swift in Sources */ = {isa = PBXBuildFile; fileRef = 3B0429492C651EB7004CF65B /* AsyncAwaitViewModel.swift */; };
		3B3314F32C539DBE00986EAA /* OBViewObserver.swift in Sources */ = {isa = PBXBuildFile; fileRef = 3B3314F22C539DBE00986EAA /* OBViewObserver.swift */; };
		3B3314F52C53CC0800986EAA /* OBViewController.swift in Sources */ = {isa = PBXBuildFile; fileRef = 3B3314F42C53CC0800986EAA /* OBViewController.swift */; };
		3B875F1C2C8CF9E200B355B5 /* StructClassActorView.swift in Sources */ = {isa = PBXBuildFile; fileRef = 3B875F1B2C8CF9E200B355B5 /* StructClassActorView.swift */; };
		3B875F1E2C8CFB1200B355B5 /* MyStruct.swift in Sources */ = {isa = PBXBuildFile; fileRef = 3B875F1D2C8CFB1200B355B5 /* MyStruct.swift */; };
		3B875F202C8CFECA00B355B5 /* Myclass.swift in Sources */ = {isa = PBXBuildFile; fileRef = 3B875F1F2C8CFECA00B355B5 /* Myclass.swift */; };
		3B875F222C8D06CB00B355B5 /* CustomStruct.swift in Sources */ = {isa = PBXBuildFile; fileRef = 3B875F212C8D06CB00B355B5 /* CustomStruct.swift */; };
		3B875F242C8D090E00B355B5 /* MutatingStruct.swift in Sources */ = {isa = PBXBuildFile; fileRef = 3B875F232C8D090E00B355B5 /* MutatingStruct.swift */; };
		3B875F262C8D19D600B355B5 /* MyActor.swift in Sources */ = {isa = PBXBuildFile; fileRef = 3B875F252C8D19D600B355B5 /* MyActor.swift */; };
		3B8FA4FF2C789A2A00FE2E71 /* TaskGroupView.swift in Sources */ = {isa = PBXBuildFile; fileRef = 3B8FA4FE2C789A2A00FE2E71 /* TaskGroupView.swift */; };
		3B8FA5012C789ACB00FE2E71 /* TaskGroupViewModel.swift in Sources */ = {isa = PBXBuildFile; fileRef = 3B8FA5002C789ACB00FE2E71 /* TaskGroupViewModel.swift */; };
		3B8FA5032C789BCD00FE2E71 /* TaskGroupDataManager.swift in Sources */ = {isa = PBXBuildFile; fileRef = 3B8FA5022C789BCD00FE2E71 /* TaskGroupDataManager.swift */; };
		3B8FA5062C78B7FF00FE2E71 /* ContinuationsView.swift in Sources */ = {isa = PBXBuildFile; fileRef = 3B8FA5052C78B7FF00FE2E71 /* ContinuationsView.swift */; };
		3B8FA5082C78B81000FE2E71 /* ContinuationsViewModel.swift in Sources */ = {isa = PBXBuildFile; fileRef = 3B8FA5072C78B81000FE2E71 /* ContinuationsViewModel.swift */; };
		3B8FA50A2C78BFD200FE2E71 /* ContinuationsNetworkManager.swift in Sources */ = {isa = PBXBuildFile; fileRef = 3B8FA5092C78BFD200FE2E71 /* ContinuationsNetworkManager.swift */; };
		3B9559EF2C6111750028E9FE /* DoCatchTryThrowsView.swift in Sources */ = {isa = PBXBuildFile; fileRef = 3B9559EE2C6111750028E9FE /* DoCatchTryThrowsView.swift */; };
		3B9559F12C6111CC0028E9FE /* DoCatchTryThrowsViewModel.swift in Sources */ = {isa = PBXBuildFile; fileRef = 3B9559F02C6111CC0028E9FE /* DoCatchTryThrowsViewModel.swift */; };
		3B9559F32C6113670028E9FE /* DoCatchTryThrowsDataManager.swift in Sources */ = {isa = PBXBuildFile; fileRef = 3B9559F22C6113670028E9FE /* DoCatchTryThrowsDataManager.swift */; };
		3B9AE41C2C6CDB2F00E0ABE1 /* TaskView.swift in Sources */ = {isa = PBXBuildFile; fileRef = 3B9AE41B2C6CDB2F00E0ABE1 /* TaskView.swift */; };
		3B9AE41E2C6CDB3C00E0ABE1 /* TaskViewModel.swift in Sources */ = {isa = PBXBuildFile; fileRef = 3B9AE41D2C6CDB3C00E0ABE1 /* TaskViewModel.swift */; };
		3BB99EC82C6DCA4000204E51 /* AsyncLetView.swift in Sources */ = {isa = PBXBuildFile; fileRef = 3BB99EC72C6DCA4000204E51 /* AsyncLetView.swift */; };
		3BB99ECA2C6DCA4E00204E51 /* AsyncLetViewModel.swift in Sources */ = {isa = PBXBuildFile; fileRef = 3BB99EC92C6DCA4E00204E51 /* AsyncLetViewModel.swift */; };
		3BD6C4892C50F0150070279B /* AppDelegate.swift in Sources */ = {isa = PBXBuildFile; fileRef = 3BD6C4882C50F0150070279B /* AppDelegate.swift */; };
		3BD6C48B2C50F0150070279B /* SceneDelegate.swift in Sources */ = {isa = PBXBuildFile; fileRef = 3BD6C48A2C50F0150070279B /* SceneDelegate.swift */; };
		3BD6C4922C50F0160070279B /* Assets.xcassets in Resources */ = {isa = PBXBuildFile; fileRef = 3BD6C4912C50F0160070279B /* Assets.xcassets */; };
		3BDC44D02C63535F00D11760 /* MainViewController.swift in Sources */ = {isa = PBXBuildFile; fileRef = 3BDC44CF2C63535F00D11760 /* MainViewController.swift */; };
		3BDC44D22C6358BA00D11760 /* ConcurrencyViewController.swift in Sources */ = {isa = PBXBuildFile; fileRef = 3BDC44D12C6358BA00D11760 /* ConcurrencyViewController.swift */; };
		3BDC44D52C63603E00D11760 /* DownloadImagesWithAsyncView.swift in Sources */ = {isa = PBXBuildFile; fileRef = 3BDC44D42C63603E00D11760 /* DownloadImagesWithAsyncView.swift */; };
		3BDC44D72C6360FD00D11760 /* DownloadImagesWithAsyncViewModel.swift in Sources */ = {isa = PBXBuildFile; fileRef = 3BDC44D62C6360FD00D11760 /* DownloadImagesWithAsyncViewModel.swift */; };
		3BDC44D92C63622D00D11760 /* DownloadImageAsyncImageLoader.swift in Sources */ = {isa = PBXBuildFile; fileRef = 3BDC44D82C63622D00D11760 /* DownloadImageAsyncImageLoader.swift */; };
/* End PBXBuildFile section */

/* Begin PBXFileReference section */
		3B0429472C651E9C004CF65B /* AsyncAwaitView.swift */ = {isa = PBXFileReference; lastKnownFileType = sourcecode.swift; path = AsyncAwaitView.swift; sourceTree = "<group>"; };
		3B0429492C651EB7004CF65B /* AsyncAwaitViewModel.swift */ = {isa = PBXFileReference; lastKnownFileType = sourcecode.swift; path = AsyncAwaitViewModel.swift; sourceTree = "<group>"; };
		3B3314F22C539DBE00986EAA /* OBViewObserver.swift */ = {isa = PBXFileReference; lastKnownFileType = sourcecode.swift; path = OBViewObserver.swift; sourceTree = "<group>"; };
		3B3314F42C53CC0800986EAA /* OBViewController.swift */ = {isa = PBXFileReference; lastKnownFileType = sourcecode.swift; path = OBViewController.swift; sourceTree = "<group>"; };
		3B875F1B2C8CF9E200B355B5 /* StructClassActorView.swift */ = {isa = PBXFileReference; lastKnownFileType = sourcecode.swift; path = StructClassActorView.swift; sourceTree = "<group>"; };
		3B875F1D2C8CFB1200B355B5 /* MyStruct.swift */ = {isa = PBXFileReference; lastKnownFileType = sourcecode.swift; path = MyStruct.swift; sourceTree = "<group>"; };
		3B875F1F2C8CFECA00B355B5 /* Myclass.swift */ = {isa = PBXFileReference; lastKnownFileType = sourcecode.swift; path = Myclass.swift; sourceTree = "<group>"; };
		3B875F212C8D06CB00B355B5 /* CustomStruct.swift */ = {isa = PBXFileReference; lastKnownFileType = sourcecode.swift; path = CustomStruct.swift; sourceTree = "<group>"; };
		3B875F232C8D090E00B355B5 /* MutatingStruct.swift */ = {isa = PBXFileReference; lastKnownFileType = sourcecode.swift; path = MutatingStruct.swift; sourceTree = "<group>"; };
		3B875F252C8D19D600B355B5 /* MyActor.swift */ = {isa = PBXFileReference; lastKnownFileType = sourcecode.swift; path = MyActor.swift; sourceTree = "<group>"; };
		3B8FA4FE2C789A2A00FE2E71 /* TaskGroupView.swift */ = {isa = PBXFileReference; lastKnownFileType = sourcecode.swift; path = TaskGroupView.swift; sourceTree = "<group>"; };
		3B8FA5002C789ACB00FE2E71 /* TaskGroupViewModel.swift */ = {isa = PBXFileReference; lastKnownFileType = sourcecode.swift; path = TaskGroupViewModel.swift; sourceTree = "<group>"; };
		3B8FA5022C789BCD00FE2E71 /* TaskGroupDataManager.swift */ = {isa = PBXFileReference; lastKnownFileType = sourcecode.swift; path = TaskGroupDataManager.swift; sourceTree = "<group>"; };
		3B8FA5052C78B7FF00FE2E71 /* ContinuationsView.swift */ = {isa = PBXFileReference; lastKnownFileType = sourcecode.swift; path = ContinuationsView.swift; sourceTree = "<group>"; };
		3B8FA5072C78B81000FE2E71 /* ContinuationsViewModel.swift */ = {isa = PBXFileReference; lastKnownFileType = sourcecode.swift; path = ContinuationsViewModel.swift; sourceTree = "<group>"; };
		3B8FA5092C78BFD200FE2E71 /* ContinuationsNetworkManager.swift */ = {isa = PBXFileReference; lastKnownFileType = sourcecode.swift; path = ContinuationsNetworkManager.swift; sourceTree = "<group>"; };
		3B9559EE2C6111750028E9FE /* DoCatchTryThrowsView.swift */ = {isa = PBXFileReference; lastKnownFileType = sourcecode.swift; path = DoCatchTryThrowsView.swift; sourceTree = "<group>"; };
		3B9559F02C6111CC0028E9FE /* DoCatchTryThrowsViewModel.swift */ = {isa = PBXFileReference; lastKnownFileType = sourcecode.swift; path = DoCatchTryThrowsViewModel.swift; sourceTree = "<group>"; };
		3B9559F22C6113670028E9FE /* DoCatchTryThrowsDataManager.swift */ = {isa = PBXFileReference; lastKnownFileType = sourcecode.swift; path = DoCatchTryThrowsDataManager.swift; sourceTree = "<group>"; };
		3B9AE41B2C6CDB2F00E0ABE1 /* TaskView.swift */ = {isa = PBXFileReference; lastKnownFileType = sourcecode.swift; path = TaskView.swift; sourceTree = "<group>"; };
		3B9AE41D2C6CDB3C00E0ABE1 /* TaskViewModel.swift */ = {isa = PBXFileReference; lastKnownFileType = sourcecode.swift; path = TaskViewModel.swift; sourceTree = "<group>"; };
		3BB99EC72C6DCA4000204E51 /* AsyncLetView.swift */ = {isa = PBXFileReference; lastKnownFileType = sourcecode.swift; path = AsyncLetView.swift; sourceTree = "<group>"; };
		3BB99EC92C6DCA4E00204E51 /* AsyncLetViewModel.swift */ = {isa = PBXFileReference; lastKnownFileType = sourcecode.swift; path = AsyncLetViewModel.swift; sourceTree = "<group>"; };
		3BD6C4852C50F0150070279B /* iOSDevPractice.app */ = {isa = PBXFileReference; explicitFileType = wrapper.application; includeInIndex = 0; path = iOSDevPractice.app; sourceTree = BUILT_PRODUCTS_DIR; };
		3BD6C4882C50F0150070279B /* AppDelegate.swift */ = {isa = PBXFileReference; lastKnownFileType = sourcecode.swift; path = AppDelegate.swift; sourceTree = "<group>"; };
		3BD6C48A2C50F0150070279B /* SceneDelegate.swift */ = {isa = PBXFileReference; lastKnownFileType = sourcecode.swift; path = SceneDelegate.swift; sourceTree = "<group>"; };
		3BD6C4912C50F0160070279B /* Assets.xcassets */ = {isa = PBXFileReference; lastKnownFileType = folder.assetcatalog; path = Assets.xcassets; sourceTree = "<group>"; };
		3BD6C4962C50F0160070279B /* Info.plist */ = {isa = PBXFileReference; lastKnownFileType = text.plist.xml; path = Info.plist; sourceTree = "<group>"; };
		3BDC44CF2C63535F00D11760 /* MainViewController.swift */ = {isa = PBXFileReference; lastKnownFileType = sourcecode.swift; path = MainViewController.swift; sourceTree = "<group>"; };
		3BDC44D12C6358BA00D11760 /* ConcurrencyViewController.swift */ = {isa = PBXFileReference; lastKnownFileType = sourcecode.swift; path = ConcurrencyViewController.swift; sourceTree = "<group>"; };
		3BDC44D42C63603E00D11760 /* DownloadImagesWithAsyncView.swift */ = {isa = PBXFileReference; lastKnownFileType = sourcecode.swift; path = DownloadImagesWithAsyncView.swift; sourceTree = "<group>"; };
		3BDC44D62C6360FD00D11760 /* DownloadImagesWithAsyncViewModel.swift */ = {isa = PBXFileReference; lastKnownFileType = sourcecode.swift; path = DownloadImagesWithAsyncViewModel.swift; sourceTree = "<group>"; };
		3BDC44D82C63622D00D11760 /* DownloadImageAsyncImageLoader.swift */ = {isa = PBXFileReference; lastKnownFileType = sourcecode.swift; path = DownloadImageAsyncImageLoader.swift; sourceTree = "<group>"; };
/* End PBXFileReference section */

/* Begin PBXFrameworksBuildPhase section */
		3BD6C4822C50F0150070279B /* Frameworks */ = {
			isa = PBXFrameworksBuildPhase;
			buildActionMask = 2147483647;
			files = (
			);
			runOnlyForDeploymentPostprocessing = 0;
		};
/* End PBXFrameworksBuildPhase section */

/* Begin PBXGroup section */
		3B0429462C651E88004CF65B /* AsyncAwait */ = {
			isa = PBXGroup;
			children = (
				3B0429472C651E9C004CF65B /* AsyncAwaitView.swift */,
				3B0429492C651EB7004CF65B /* AsyncAwaitViewModel.swift */,
			);
			path = AsyncAwait;
			sourceTree = "<group>";
		};
		3B3314F12C539D9400986EAA /* ObservableObject */ = {
			isa = PBXGroup;
			children = (
				3B3314F42C53CC0800986EAA /* OBViewController.swift */,
				3B3314F22C539DBE00986EAA /* OBViewObserver.swift */,
			);
			path = ObservableObject;
			sourceTree = "<group>";
		};
		3B875F1A2C8CF9C100B355B5 /* StructClassActor */ = {
			isa = PBXGroup;
			children = (
				3B875F1B2C8CF9E200B355B5 /* StructClassActorView.swift */,
				3B875F1D2C8CFB1200B355B5 /* MyStruct.swift */,
				3B875F1F2C8CFECA00B355B5 /* Myclass.swift */,
				3B875F212C8D06CB00B355B5 /* CustomStruct.swift */,
				3B875F232C8D090E00B355B5 /* MutatingStruct.swift */,
				3B875F252C8D19D600B355B5 /* MyActor.swift */,
			);
			path = StructClassActor;
			sourceTree = "<group>";
		};
		3B8FA4FD2C789A0B00FE2E71 /* TaskGroup */ = {
			isa = PBXGroup;
			children = (
				3B8FA4FE2C789A2A00FE2E71 /* TaskGroupView.swift */,
				3B8FA5002C789ACB00FE2E71 /* TaskGroupViewModel.swift */,
				3B8FA5022C789BCD00FE2E71 /* TaskGroupDataManager.swift */,
			);
			path = TaskGroup;
			sourceTree = "<group>";
		};
		3B8FA5042C78B7E900FE2E71 /* Continuations */ = {
			isa = PBXGroup;
			children = (
				3B8FA5052C78B7FF00FE2E71 /* ContinuationsView.swift */,
				3B8FA5072C78B81000FE2E71 /* ContinuationsViewModel.swift */,
				3B8FA5092C78BFD200FE2E71 /* ContinuationsNetworkManager.swift */,
			);
			path = Continuations;
			sourceTree = "<group>";
		};
		3B9559EC2C6110F60028E9FE /* DoCatchTryThrows */ = {
			isa = PBXGroup;
			children = (
				3B9559F22C6113670028E9FE /* DoCatchTryThrowsDataManager.swift */,
				3B9559EE2C6111750028E9FE /* DoCatchTryThrowsView.swift */,
				3B9559F02C6111CC0028E9FE /* DoCatchTryThrowsViewModel.swift */,
			);
			path = DoCatchTryThrows;
			sourceTree = "<group>";
		};
		3B9559ED2C6111310028E9FE /* SwiftConcurrency */ = {
			isa = PBXGroup;
			children = (
				3BDC44D12C6358BA00D11760 /* ConcurrencyViewController.swift */,
				3B0429462C651E88004CF65B /* AsyncAwait */,
				3BB99EC62C6DCA2500204E51 /* AsyncLet */,
				3B8FA5042C78B7E900FE2E71 /* Continuations */,
				3B9559EC2C6110F60028E9FE /* DoCatchTryThrows */,
				3BDC44D32C63600C00D11760 /* DownloadImagesWithAsync */,
				3B875F1A2C8CF9C100B355B5 /* StructClassActor */,
				3B9AE41A2C6CDAFE00E0ABE1 /* Task */,
				3B8FA4FD2C789A0B00FE2E71 /* TaskGroup */,
			);
			path = SwiftConcurrency;
			sourceTree = "<group>";
		};
		3B9AE41A2C6CDAFE00E0ABE1 /* Task */ = {
			isa = PBXGroup;
			children = (
				3B9AE41B2C6CDB2F00E0ABE1 /* TaskView.swift */,
				3B9AE41D2C6CDB3C00E0ABE1 /* TaskViewModel.swift */,
			);
			path = Task;
			sourceTree = "<group>";
		};
		3BB99EC62C6DCA2500204E51 /* AsyncLet */ = {
			isa = PBXGroup;
			children = (
				3BB99EC72C6DCA4000204E51 /* AsyncLetView.swift */,
				3BB99EC92C6DCA4E00204E51 /* AsyncLetViewModel.swift */,
			);
			path = AsyncLet;
			sourceTree = "<group>";
		};
		3BD6C47C2C50F0150070279B = {
			isa = PBXGroup;
			children = (
				3BD6C4872C50F0150070279B /* iOSDevPractice */,
				3BD6C4862C50F0150070279B /* Products */,
			);
			sourceTree = "<group>";
		};
		3BD6C4862C50F0150070279B /* Products */ = {
			isa = PBXGroup;
			children = (
				3BD6C4852C50F0150070279B /* iOSDevPractice.app */,
			);
			name = Products;
			sourceTree = "<group>";
		};
		3BD6C4872C50F0150070279B /* iOSDevPractice */ = {
			isa = PBXGroup;
			children = (
				3BD6C4912C50F0160070279B /* Assets.xcassets */,
				3BD6C4962C50F0160070279B /* Info.plist */,
				3BD6C4882C50F0150070279B /* AppDelegate.swift */,
				3BD6C48A2C50F0150070279B /* SceneDelegate.swift */,
				3BDC44CF2C63535F00D11760 /* MainViewController.swift */,
				3B3314F12C539D9400986EAA /* ObservableObject */,
				3B9559ED2C6111310028E9FE /* SwiftConcurrency */,
			);
			path = iOSDevPractice;
			sourceTree = "<group>";
		};
		3BDC44D32C63600C00D11760 /* DownloadImagesWithAsync */ = {
			isa = PBXGroup;
			children = (
				3BDC44D82C63622D00D11760 /* DownloadImageAsyncImageLoader.swift */,
				3BDC44D42C63603E00D11760 /* DownloadImagesWithAsyncView.swift */,
				3BDC44D62C6360FD00D11760 /* DownloadImagesWithAsyncViewModel.swift */,
			);
			path = DownloadImagesWithAsync;
			sourceTree = "<group>";
		};
/* End PBXGroup section */

/* Begin PBXNativeTarget section */
		3BD6C4842C50F0150070279B /* iOSDevPractice */ = {
			isa = PBXNativeTarget;
			buildConfigurationList = 3BD6C4992C50F0160070279B /* Build configuration list for PBXNativeTarget "iOSDevPractice" */;
			buildPhases = (
				3BD6C4812C50F0150070279B /* Sources */,
				3BD6C4822C50F0150070279B /* Frameworks */,
				3BD6C4832C50F0150070279B /* Resources */,
			);
			buildRules = (
			);
			dependencies = (
			);
			name = iOSDevPractice;
			productName = iOSDevPractice;
			productReference = 3BD6C4852C50F0150070279B /* iOSDevPractice.app */;
			productType = "com.apple.product-type.application";
		};
/* End PBXNativeTarget section */

/* Begin PBXProject section */
		3BD6C47D2C50F0150070279B /* Project object */ = {
			isa = PBXProject;
			attributes = {
				BuildIndependentTargetsInParallel = 1;
				LastSwiftUpdateCheck = 1530;
				LastUpgradeCheck = 1530;
				TargetAttributes = {
					3BD6C4842C50F0150070279B = {
						CreatedOnToolsVersion = 15.3;
					};
				};
			};
			buildConfigurationList = 3BD6C4802C50F0150070279B /* Build configuration list for PBXProject "iOSDevPractice" */;
			compatibilityVersion = "Xcode 14.0";
			developmentRegion = en;
			hasScannedForEncodings = 0;
			knownRegions = (
				en,
				Base,
			);
			mainGroup = 3BD6C47C2C50F0150070279B;
			productRefGroup = 3BD6C4862C50F0150070279B /* Products */;
			projectDirPath = "";
			projectRoot = "";
			targets = (
				3BD6C4842C50F0150070279B /* iOSDevPractice */,
			);
		};
/* End PBXProject section */

/* Begin PBXResourcesBuildPhase section */
		3BD6C4832C50F0150070279B /* Resources */ = {
			isa = PBXResourcesBuildPhase;
			buildActionMask = 2147483647;
			files = (
				3BD6C4922C50F0160070279B /* Assets.xcassets in Resources */,
			);
			runOnlyForDeploymentPostprocessing = 0;
		};
/* End PBXResourcesBuildPhase section */

/* Begin PBXSourcesBuildPhase section */
		3BD6C4812C50F0150070279B /* Sources */ = {
			isa = PBXSourcesBuildPhase;
			buildActionMask = 2147483647;
			files = (
				3B875F1E2C8CFB1200B355B5 /* MyStruct.swift in Sources */,
				3B9559EF2C6111750028E9FE /* DoCatchTryThrowsView.swift in Sources */,
				3B04294A2C651EB7004CF65B /* AsyncAwaitViewModel.swift in Sources */,
				3B3314F32C539DBE00986EAA /* OBViewObserver.swift in Sources */,
				3BB99ECA2C6DCA4E00204E51 /* AsyncLetViewModel.swift in Sources */,
				3B875F242C8D090E00B355B5 /* MutatingStruct.swift in Sources */,
				3B8FA5032C789BCD00FE2E71 /* TaskGroupDataManager.swift in Sources */,
				3B875F262C8D19D600B355B5 /* MyActor.swift in Sources */,
				3B9AE41C2C6CDB2F00E0ABE1 /* TaskView.swift in Sources */,
				3B9559F12C6111CC0028E9FE /* DoCatchTryThrowsViewModel.swift in Sources */,
				3BD6C4892C50F0150070279B /* AppDelegate.swift in Sources */,
				3B0429482C651E9C004CF65B /* AsyncAwaitView.swift in Sources */,
				3B875F1C2C8CF9E200B355B5 /* StructClassActorView.swift in Sources */,
				3B9559F32C6113670028E9FE /* DoCatchTryThrowsDataManager.swift in Sources */,
				3B9AE41E2C6CDB3C00E0ABE1 /* TaskViewModel.swift in Sources */,
				3BDC44D92C63622D00D11760 /* DownloadImageAsyncImageLoader.swift in Sources */,
				3B8FA5082C78B81000FE2E71 /* ContinuationsViewModel.swift in Sources */,
				3B8FA5012C789ACB00FE2E71 /* TaskGroupViewModel.swift in Sources */,
				3BD6C48B2C50F0150070279B /* SceneDelegate.swift in Sources */,
				3B875F222C8D06CB00B355B5 /* CustomStruct.swift in Sources */,
				3B3314F52C53CC0800986EAA /* OBViewController.swift in Sources */,
				3BB99EC82C6DCA4000204E51 /* AsyncLetView.swift in Sources */,
				3B875F202C8CFECA00B355B5 /* Myclass.swift in Sources */,
				3BDC44D22C6358BA00D11760 /* ConcurrencyViewController.swift in Sources */,
				3B8FA4FF2C789A2A00FE2E71 /* TaskGroupView.swift in Sources */,
				3BDC44D02C63535F00D11760 /* MainViewController.swift in Sources */,
				3B8FA5062C78B7FF00FE2E71 /* ContinuationsView.swift in Sources */,
				3B8FA50A2C78BFD200FE2E71 /* ContinuationsNetworkManager.swift in Sources */,
				3BDC44D52C63603E00D11760 /* DownloadImagesWithAsyncView.swift in Sources */,
				3BDC44D72C6360FD00D11760 /* DownloadImagesWithAsyncViewModel.swift in Sources */,
			);
			runOnlyForDeploymentPostprocessing = 0;
		};
/* End PBXSourcesBuildPhase section */

/* Begin XCBuildConfiguration section */
		3BD6C4972C50F0160070279B /* Debug */ = {
			isa = XCBuildConfiguration;
			buildSettings = {
				ALWAYS_SEARCH_USER_PATHS = NO;
				ASSETCATALOG_COMPILER_GENERATE_SWIFT_ASSET_SYMBOL_EXTENSIONS = YES;
				CLANG_ANALYZER_NONNULL = YES;
				CLANG_ANALYZER_NUMBER_OBJECT_CONVERSION = YES_AGGRESSIVE;
				CLANG_CXX_LANGUAGE_STANDARD = "gnu++20";
				CLANG_ENABLE_MODULES = YES;
				CLANG_ENABLE_OBJC_ARC = YES;
				CLANG_ENABLE_OBJC_WEAK = YES;
				CLANG_WARN_BLOCK_CAPTURE_AUTORELEASING = YES;
				CLANG_WARN_BOOL_CONVERSION = YES;
				CLANG_WARN_COMMA = YES;
				CLANG_WARN_CONSTANT_CONVERSION = YES;
				CLANG_WARN_DEPRECATED_OBJC_IMPLEMENTATIONS = YES;
				CLANG_WARN_DIRECT_OBJC_ISA_USAGE = YES_ERROR;
				CLANG_WARN_DOCUMENTATION_COMMENTS = YES;
				CLANG_WARN_EMPTY_BODY = YES;
				CLANG_WARN_ENUM_CONVERSION = YES;
				CLANG_WARN_INFINITE_RECURSION = YES;
				CLANG_WARN_INT_CONVERSION = YES;
				CLANG_WARN_NON_LITERAL_NULL_CONVERSION = YES;
				CLANG_WARN_OBJC_IMPLICIT_RETAIN_SELF = YES;
				CLANG_WARN_OBJC_LITERAL_CONVERSION = YES;
				CLANG_WARN_OBJC_ROOT_CLASS = YES_ERROR;
				CLANG_WARN_QUOTED_INCLUDE_IN_FRAMEWORK_HEADER = YES;
				CLANG_WARN_RANGE_LOOP_ANALYSIS = YES;
				CLANG_WARN_STRICT_PROTOTYPES = YES;
				CLANG_WARN_SUSPICIOUS_MOVE = YES;
				CLANG_WARN_UNGUARDED_AVAILABILITY = YES_AGGRESSIVE;
				CLANG_WARN_UNREACHABLE_CODE = YES;
				CLANG_WARN__DUPLICATE_METHOD_MATCH = YES;
				COPY_PHASE_STRIP = NO;
				DEBUG_INFORMATION_FORMAT = dwarf;
				ENABLE_STRICT_OBJC_MSGSEND = YES;
				ENABLE_TESTABILITY = YES;
				ENABLE_USER_SCRIPT_SANDBOXING = YES;
				GCC_C_LANGUAGE_STANDARD = gnu17;
				GCC_DYNAMIC_NO_PIC = NO;
				GCC_NO_COMMON_BLOCKS = YES;
				GCC_OPTIMIZATION_LEVEL = 0;
				GCC_PREPROCESSOR_DEFINITIONS = (
					"DEBUG=1",
					"$(inherited)",
				);
				GCC_WARN_64_TO_32_BIT_CONVERSION = YES;
				GCC_WARN_ABOUT_RETURN_TYPE = YES_ERROR;
				GCC_WARN_UNDECLARED_SELECTOR = YES;
				GCC_WARN_UNINITIALIZED_AUTOS = YES_AGGRESSIVE;
				GCC_WARN_UNUSED_FUNCTION = YES;
				GCC_WARN_UNUSED_VARIABLE = YES;
				IPHONEOS_DEPLOYMENT_TARGET = 17.4;
				LOCALIZATION_PREFERS_STRING_CATALOGS = YES;
				MTL_ENABLE_DEBUG_INFO = INCLUDE_SOURCE;
				MTL_FAST_MATH = YES;
				ONLY_ACTIVE_ARCH = YES;
				SDKROOT = iphoneos;
				SWIFT_ACTIVE_COMPILATION_CONDITIONS = "DEBUG $(inherited)";
				SWIFT_OPTIMIZATION_LEVEL = "-Onone";
			};
			name = Debug;
		};
		3BD6C4982C50F0160070279B /* Release */ = {
			isa = XCBuildConfiguration;
			buildSettings = {
				ALWAYS_SEARCH_USER_PATHS = NO;
				ASSETCATALOG_COMPILER_GENERATE_SWIFT_ASSET_SYMBOL_EXTENSIONS = YES;
				CLANG_ANALYZER_NONNULL = YES;
				CLANG_ANALYZER_NUMBER_OBJECT_CONVERSION = YES_AGGRESSIVE;
				CLANG_CXX_LANGUAGE_STANDARD = "gnu++20";
				CLANG_ENABLE_MODULES = YES;
				CLANG_ENABLE_OBJC_ARC = YES;
				CLANG_ENABLE_OBJC_WEAK = YES;
				CLANG_WARN_BLOCK_CAPTURE_AUTORELEASING = YES;
				CLANG_WARN_BOOL_CONVERSION = YES;
				CLANG_WARN_COMMA = YES;
				CLANG_WARN_CONSTANT_CONVERSION = YES;
				CLANG_WARN_DEPRECATED_OBJC_IMPLEMENTATIONS = YES;
				CLANG_WARN_DIRECT_OBJC_ISA_USAGE = YES_ERROR;
				CLANG_WARN_DOCUMENTATION_COMMENTS = YES;
				CLANG_WARN_EMPTY_BODY = YES;
				CLANG_WARN_ENUM_CONVERSION = YES;
				CLANG_WARN_INFINITE_RECURSION = YES;
				CLANG_WARN_INT_CONVERSION = YES;
				CLANG_WARN_NON_LITERAL_NULL_CONVERSION = YES;
				CLANG_WARN_OBJC_IMPLICIT_RETAIN_SELF = YES;
				CLANG_WARN_OBJC_LITERAL_CONVERSION = YES;
				CLANG_WARN_OBJC_ROOT_CLASS = YES_ERROR;
				CLANG_WARN_QUOTED_INCLUDE_IN_FRAMEWORK_HEADER = YES;
				CLANG_WARN_RANGE_LOOP_ANALYSIS = YES;
				CLANG_WARN_STRICT_PROTOTYPES = YES;
				CLANG_WARN_SUSPICIOUS_MOVE = YES;
				CLANG_WARN_UNGUARDED_AVAILABILITY = YES_AGGRESSIVE;
				CLANG_WARN_UNREACHABLE_CODE = YES;
				CLANG_WARN__DUPLICATE_METHOD_MATCH = YES;
				COPY_PHASE_STRIP = NO;
				DEBUG_INFORMATION_FORMAT = "dwarf-with-dsym";
				ENABLE_NS_ASSERTIONS = NO;
				ENABLE_STRICT_OBJC_MSGSEND = YES;
				ENABLE_USER_SCRIPT_SANDBOXING = YES;
				GCC_C_LANGUAGE_STANDARD = gnu17;
				GCC_NO_COMMON_BLOCKS = YES;
				GCC_WARN_64_TO_32_BIT_CONVERSION = YES;
				GCC_WARN_ABOUT_RETURN_TYPE = YES_ERROR;
				GCC_WARN_UNDECLARED_SELECTOR = YES;
				GCC_WARN_UNINITIALIZED_AUTOS = YES_AGGRESSIVE;
				GCC_WARN_UNUSED_FUNCTION = YES;
				GCC_WARN_UNUSED_VARIABLE = YES;
				IPHONEOS_DEPLOYMENT_TARGET = 17.4;
				LOCALIZATION_PREFERS_STRING_CATALOGS = YES;
				MTL_ENABLE_DEBUG_INFO = NO;
				MTL_FAST_MATH = YES;
				SDKROOT = iphoneos;
				SWIFT_COMPILATION_MODE = wholemodule;
				VALIDATE_PRODUCT = YES;
			};
			name = Release;
		};
		3BD6C49A2C50F0160070279B /* Debug */ = {
			isa = XCBuildConfiguration;
			buildSettings = {
				ASSETCATALOG_COMPILER_APPICON_NAME = AppIcon;
				ASSETCATALOG_COMPILER_GLOBAL_ACCENT_COLOR_NAME = AccentColor;
				CODE_SIGN_STYLE = Automatic;
				CURRENT_PROJECT_VERSION = 1;
				DEVELOPMENT_TEAM = QQF7T7HSA4;
				GENERATE_INFOPLIST_FILE = YES;
				INFOPLIST_FILE = iOSDevPractice/Info.plist;
				INFOPLIST_KEY_UIApplicationSupportsIndirectInputEvents = YES;
				INFOPLIST_KEY_UILaunchStoryboardName = LaunchScreen;
				INFOPLIST_KEY_UISupportedInterfaceOrientations_iPad = "UIInterfaceOrientationPortrait UIInterfaceOrientationPortraitUpsideDown UIInterfaceOrientationLandscapeLeft UIInterfaceOrientationLandscapeRight";
				INFOPLIST_KEY_UISupportedInterfaceOrientations_iPhone = "UIInterfaceOrientationPortrait UIInterfaceOrientationLandscapeLeft UIInterfaceOrientationLandscapeRight";
				LD_RUNPATH_SEARCH_PATHS = (
					"$(inherited)",
					"@executable_path/Frameworks",
				);
				MARKETING_VERSION = 1.0;
				PRODUCT_BUNDLE_IDENTIFIER = "com.taka-s.iOSDevPractice";
				PRODUCT_NAME = "$(TARGET_NAME)";
				SWIFT_EMIT_LOC_STRINGS = YES;
				SWIFT_VERSION = 5.0;
				TARGETED_DEVICE_FAMILY = "1,2";
			};
			name = Debug;
		};
		3BD6C49B2C50F0160070279B /* Release */ = {
			isa = XCBuildConfiguration;
			buildSettings = {
				ASSETCATALOG_COMPILER_APPICON_NAME = AppIcon;
				ASSETCATALOG_COMPILER_GLOBAL_ACCENT_COLOR_NAME = AccentColor;
				CODE_SIGN_STYLE = Automatic;
				CURRENT_PROJECT_VERSION = 1;
				DEVELOPMENT_TEAM = QQF7T7HSA4;
				GENERATE_INFOPLIST_FILE = YES;
				INFOPLIST_FILE = iOSDevPractice/Info.plist;
				INFOPLIST_KEY_UIApplicationSupportsIndirectInputEvents = YES;
				INFOPLIST_KEY_UILaunchStoryboardName = LaunchScreen;
				INFOPLIST_KEY_UISupportedInterfaceOrientations_iPad = "UIInterfaceOrientationPortrait UIInterfaceOrientationPortraitUpsideDown UIInterfaceOrientationLandscapeLeft UIInterfaceOrientationLandscapeRight";
				INFOPLIST_KEY_UISupportedInterfaceOrientations_iPhone = "UIInterfaceOrientationPortrait UIInterfaceOrientationLandscapeLeft UIInterfaceOrientationLandscapeRight";
				LD_RUNPATH_SEARCH_PATHS = (
					"$(inherited)",
					"@executable_path/Frameworks",
				);
				MARKETING_VERSION = 1.0;
				PRODUCT_BUNDLE_IDENTIFIER = "com.taka-s.iOSDevPractice";
				PRODUCT_NAME = "$(TARGET_NAME)";
				SWIFT_EMIT_LOC_STRINGS = YES;
				SWIFT_VERSION = 5.0;
				TARGETED_DEVICE_FAMILY = "1,2";
			};
			name = Release;
		};
/* End XCBuildConfiguration section */

/* Begin XCConfigurationList section */
		3BD6C4802C50F0150070279B /* Build configuration list for PBXProject "iOSDevPractice" */ = {
			isa = XCConfigurationList;
			buildConfigurations = (
				3BD6C4972C50F0160070279B /* Debug */,
				3BD6C4982C50F0160070279B /* Release */,
			);
			defaultConfigurationIsVisible = 0;
			defaultConfigurationName = Release;
		};
		3BD6C4992C50F0160070279B /* Build configuration list for PBXNativeTarget "iOSDevPractice" */ = {
			isa = XCConfigurationList;
			buildConfigurations = (
				3BD6C49A2C50F0160070279B /* Debug */,
				3BD6C49B2C50F0160070279B /* Release */,
			);
			defaultConfigurationIsVisible = 0;
			defaultConfigurationName = Release;
		};
/* End XCConfigurationList section */
	};
	rootObject = 3BD6C47D2C50F0150070279B /* Project object */;
}
